// !$*UTF8*$!
{
	archiveVersion = 1;
	classes = {
	};
	objectVersion = 50;
	objects = {

/* Begin PBXBuildFile section */
		12DDF649EAD187FF40C385BB /* Pods_DemoTests.framework in Frameworks */ = {isa = PBXBuildFile; fileRef = 7821C1C7F7555F4E07756901 /* Pods_DemoTests.framework */; };
		184FB5DB237E3A9000410DF2 /* news_4@3x.png in Resources */ = {isa = PBXBuildFile; fileRef = 184FB5D7237E3A8F00410DF2 /* news_4@3x.png */; };
		184FB5DC237E3A9000410DF2 /* news_1@3x.png in Resources */ = {isa = PBXBuildFile; fileRef = 184FB5D8237E3A9000410DF2 /* news_1@3x.png */; };
		184FB5DD237E3A9000410DF2 /* news_2@3x.png in Resources */ = {isa = PBXBuildFile; fileRef = 184FB5D9237E3A9000410DF2 /* news_2@3x.png */; };
		184FB5DE237E3A9000410DF2 /* news_3@3x.png in Resources */ = {isa = PBXBuildFile; fileRef = 184FB5DA237E3A9000410DF2 /* news_3@3x.png */; };
		184FB5E0237E3BCB00410DF2 /* NewsHomeDetails.swift in Sources */ = {isa = PBXBuildFile; fileRef = 184FB5DF237E3BCB00410DF2 /* NewsHomeDetails.swift */; };
		184FB5E3237E3C6600410DF2 /* NewsVideoDetails.swift in Sources */ = {isa = PBXBuildFile; fileRef = 184FB5E2237E3C6600410DF2 /* NewsVideoDetails.swift */; };
		184FB5E5237E3C7000410DF2 /* NewsHotDetails.swift in Sources */ = {isa = PBXBuildFile; fileRef = 184FB5E4237E3C7000410DF2 /* NewsHotDetails.swift */; };
		184FB5E8237E3CB600410DF2 /* NewMineMessage.swift in Sources */ = {isa = PBXBuildFile; fileRef = 184FB5E7237E3CB600410DF2 /* NewMineMessage.swift */; };
		184FB5EA237E3CC300410DF2 /* NewMineHistory.swift in Sources */ = {isa = PBXBuildFile; fileRef = 184FB5E9237E3CC300410DF2 /* NewMineHistory.swift */; };
		184FB5EC237E3CD100410DF2 /* NewMineCollection.swift in Sources */ = {isa = PBXBuildFile; fileRef = 184FB5EB237E3CD100410DF2 /* NewMineCollection.swift */; };
		184FB5EE237E3CE100410DF2 /* NewMinePush.swift in Sources */ = {isa = PBXBuildFile; fileRef = 184FB5ED237E3CE100410DF2 /* NewMinePush.swift */; };
		184FB5F0237E3CF300410DF2 /* NewMineRedEnvelope.swift in Sources */ = {isa = PBXBuildFile; fileRef = 184FB5EF237E3CF300410DF2 /* NewMineRedEnvelope.swift */; };
		184FB5F4237E3F2C00410DF2 /* NewsHighlights.swift in Sources */ = {isa = PBXBuildFile; fileRef = 184FB5F3237E3F2C00410DF2 /* NewsHighlights.swift */; };
		184FB5F6237E3F3600410DF2 /* NewsVideos.swift in Sources */ = {isa = PBXBuildFile; fileRef = 184FB5F5237E3F3600410DF2 /* NewsVideos.swift */; };
		184FB5F8237E3F4500410DF2 /* NewsRecommendations.swift in Sources */ = {isa = PBXBuildFile; fileRef = 184FB5F7237E3F4500410DF2 /* NewsRecommendations.swift */; };
		184FB5FA237E3F4F00410DF2 /* NewsBeijing.swift in Sources */ = {isa = PBXBuildFile; fileRef = 184FB5F9237E3F4F00410DF2 /* NewsBeijing.swift */; };
		184FB5FC237E3F6D00410DF2 /* NewsEntertainment.swift in Sources */ = {isa = PBXBuildFile; fileRef = 184FB5FB237E3F6D00410DF2 /* NewsEntertainment.swift */; };
		184FB5FE237E3F8000410DF2 /* NewsEra.swift in Sources */ = {isa = PBXBuildFile; fileRef = 184FB5FD237E3F8000410DF2 /* NewsEra.swift */; };
		184FB600237E3F8F00410DF2 /* NewsSports.swift in Sources */ = {isa = PBXBuildFile; fileRef = 184FB5FF237E3F8F00410DF2 /* NewsSports.swift */; };
		184FB602237E3FA200410DF2 /* NewsMilitary.swift in Sources */ = {isa = PBXBuildFile; fileRef = 184FB601237E3FA200410DF2 /* NewsMilitary.swift */; };
		184FB604237E3FAF00410DF2 /* NewsNBA.swift in Sources */ = {isa = PBXBuildFile; fileRef = 184FB603237E3FAF00410DF2 /* NewsNBA.swift */; };
		184FB606237E3FB800410DF2 /* NewsGames.swift in Sources */ = {isa = PBXBuildFile; fileRef = 184FB605237E3FB800410DF2 /* NewsGames.swift */; };
		184FB608237E40AF00410DF2 /* NewsVideoRecom.swift in Sources */ = {isa = PBXBuildFile; fileRef = 184FB607237E40AF00410DF2 /* NewsVideoRecom.swift */; };
		184FB60A237E40C300410DF2 /* NewsVideoSmall.swift in Sources */ = {isa = PBXBuildFile; fileRef = 184FB609237E40C300410DF2 /* NewsVideoSmall.swift */; };
		184FB60C237E40CB00410DF2 /* NewsVideoLive.swift in Sources */ = {isa = PBXBuildFile; fileRef = 184FB60B237E40CB00410DF2 /* NewsVideoLive.swift */; };
		184FB60E237E40D600410DF2 /* NewsVideoSupernova.swift in Sources */ = {isa = PBXBuildFile; fileRef = 184FB60D237E40D600410DF2 /* NewsVideoSupernova.swift */; };
		184FB610237E40E000410DF2 /* NewsVideoSelection.swift in Sources */ = {isa = PBXBuildFile; fileRef = 184FB60F237E40E000410DF2 /* NewsVideoSelection.swift */; };
		184FB612237E40E700410DF2 /* NewsVideoGame.swift in Sources */ = {isa = PBXBuildFile; fileRef = 184FB611237E40E700410DF2 /* NewsVideoGame.swift */; };
		184FB614237E40F300410DF2 /* NewsVideoMilitary.swift in Sources */ = {isa = PBXBuildFile; fileRef = 184FB613237E40F300410DF2 /* NewsVideoMilitary.swift */; };
		184FB616237E419D00410DF2 /* NewsHotRecom.swift in Sources */ = {isa = PBXBuildFile; fileRef = 184FB615237E419D00410DF2 /* NewsHotRecom.swift */; };
		184FB618237E41AE00410DF2 /* NewsHotList.swift in Sources */ = {isa = PBXBuildFile; fileRef = 184FB617237E41AD00410DF2 /* NewsHotList.swift */; };
		184FB61A237E41B800410DF2 /* NewsHotTopic.swift in Sources */ = {isa = PBXBuildFile; fileRef = 184FB619237E41B800410DF2 /* NewsHotTopic.swift */; };
		184FB61C237E41D300410DF2 /* NewsHotStar.swift in Sources */ = {isa = PBXBuildFile; fileRef = 184FB61B237E41D300410DF2 /* NewsHotStar.swift */; };
		184FB655237E576400410DF2 /* music_4@3x.png in Resources */ = {isa = PBXBuildFile; fileRef = 184FB651237E576300410DF2 /* music_4@3x.png */; };
		184FB656237E576400410DF2 /* music_1@3x.png in Resources */ = {isa = PBXBuildFile; fileRef = 184FB652237E576400410DF2 /* music_1@3x.png */; };
		184FB657237E576400410DF2 /* music_2@3x.png in Resources */ = {isa = PBXBuildFile; fileRef = 184FB653237E576400410DF2 /* music_2@3x.png */; };
		184FB658237E576400410DF2 /* music_3@3x.png in Resources */ = {isa = PBXBuildFile; fileRef = 184FB654237E576400410DF2 /* music_3@3x.png */; };
		184FB65A237E72D300410DF2 /* MusicHomeDetails.swift in Sources */ = {isa = PBXBuildFile; fileRef = 184FB659237E72D300410DF2 /* MusicHomeDetails.swift */; };
		184FB65C237E72E500410DF2 /* MusicRecommendDetails.swift in Sources */ = {isa = PBXBuildFile; fileRef = 184FB65B237E72E500410DF2 /* MusicRecommendDetails.swift */; };
		184FB65F237E734B00410DF2 /* MusicDynamicDetails.swift in Sources */ = {isa = PBXBuildFile; fileRef = 184FB65E237E734B00410DF2 /* MusicDynamicDetails.swift */; };
		184FB662237E737C00410DF2 /* MusicSelection.swift in Sources */ = {isa = PBXBuildFile; fileRef = 184FB661237E737C00410DF2 /* MusicSelection.swift */; };
		184FB664237E738700410DF2 /* MusicAttention.swift in Sources */ = {isa = PBXBuildFile; fileRef = 184FB663237E738700410DF2 /* MusicAttention.swift */; };
		184FB666237E73E600410DF2 /* MusicLike.swift in Sources */ = {isa = PBXBuildFile; fileRef = 184FB665237E73E600410DF2 /* MusicLike.swift */; };
		184FB668237E73F600410DF2 /* MusicRecent.swift in Sources */ = {isa = PBXBuildFile; fileRef = 184FB667237E73F600410DF2 /* MusicRecent.swift */; };
		184FB66A237E740A00410DF2 /* MusicLocal.swift in Sources */ = {isa = PBXBuildFile; fileRef = 184FB669237E740A00410DF2 /* MusicLocal.swift */; };
		184FB66C237E741B00410DF2 /* MusicPurchased.swift in Sources */ = {isa = PBXBuildFile; fileRef = 184FB66B237E741B00410DF2 /* MusicPurchased.swift */; };
		184FB68A237EA04E00410DF2 /* TodoCell.swift in Sources */ = {isa = PBXBuildFile; fileRef = 184FB689237EA04E00410DF2 /* TodoCell.swift */; };
		187958BC239DE99F00214D1A /* m_1@3x.png in Resources */ = {isa = PBXBuildFile; fileRef = 187958BB239DE99F00214D1A /* m_1@3x.png */; };
		187958BE239DEB4B00214D1A /* m_2@3x.png in Resources */ = {isa = PBXBuildFile; fileRef = 187958BD239DEB4B00214D1A /* m_2@3x.png */; };
		187958C0239DEC6F00214D1A /* m_3@3x.png in Resources */ = {isa = PBXBuildFile; fileRef = 187958BF239DEC6F00214D1A /* m_3@3x.png */; };
		187958C2239DEDB800214D1A /* Music101Cell.swift in Sources */ = {isa = PBXBuildFile; fileRef = 187958C1239DEDB800214D1A /* Music101Cell.swift */; };
		187958C4239DEDCC00214D1A /* Music101SubCell.swift in Sources */ = {isa = PBXBuildFile; fileRef = 187958C3239DEDCC00214D1A /* Music101SubCell.swift */; };
		187958C6239DEDD500214D1A /* Music102Cell.swift in Sources */ = {isa = PBXBuildFile; fileRef = 187958C5239DEDD500214D1A /* Music102Cell.swift */; };
		187958CA239DEDED00214D1A /* Music103Cell.swift in Sources */ = {isa = PBXBuildFile; fileRef = 187958C9239DEDEC00214D1A /* Music103Cell.swift */; };
		187958CE239DEE6800214D1A /* Music102SubCell.swift in Sources */ = {isa = PBXBuildFile; fileRef = 187958CD239DEE6800214D1A /* Music102SubCell.swift */; };
		187958D0239DEE7700214D1A /* Music104Cell.swift in Sources */ = {isa = PBXBuildFile; fileRef = 187958CF239DEE7700214D1A /* Music104Cell.swift */; };
		187958D2239DEE8200214D1A /* Music105Cell.swift in Sources */ = {isa = PBXBuildFile; fileRef = 187958D1239DEE8200214D1A /* Music105Cell.swift */; };
		187958D4239DF65900214D1A /* MusicHeaderCell.swift in Sources */ = {isa = PBXBuildFile; fileRef = 187958D3239DF65900214D1A /* MusicHeaderCell.swift */; };
		187958D6239DF8BC00214D1A /* Music301Cell.swift in Sources */ = {isa = PBXBuildFile; fileRef = 187958D5239DF8BC00214D1A /* Music301Cell.swift */; };
		187958D8239DF8C900214D1A /* Music301SubCell.swift in Sources */ = {isa = PBXBuildFile; fileRef = 187958D7239DF8C900214D1A /* Music301SubCell.swift */; };
		187958DA239DFC9E00214D1A /* Music401Cell.swift in Sources */ = {isa = PBXBuildFile; fileRef = 187958D9239DFC9E00214D1A /* Music401Cell.swift */; };
		187958DC239DFCAC00214D1A /* Music401SubCell.swift in Sources */ = {isa = PBXBuildFile; fileRef = 187958DB239DFCAC00214D1A /* Music401SubCell.swift */; };
		187958DE239DFCBA00214D1A /* Music402Cell.swift in Sources */ = {isa = PBXBuildFile; fileRef = 187958DD239DFCBA00214D1A /* Music402Cell.swift */; };
		1884C719237BB45600A05B9A /* AlertView.swift in Sources */ = {isa = PBXBuildFile; fileRef = 1884C718237BB45600A05B9A /* AlertView.swift */; };
		1884C71C237BB55A00A05B9A /* Adapter.swift in Sources */ = {isa = PBXBuildFile; fileRef = 1884C71B237BB55A00A05B9A /* Adapter.swift */; };
		1884C741237BD0D100A05B9A /* NewsInstructions.swift in Sources */ = {isa = PBXBuildFile; fileRef = 1884C740237BD0D100A05B9A /* NewsInstructions.swift */; };
		1884C743237BD0DA00A05B9A /* MusicInstructions.swift in Sources */ = {isa = PBXBuildFile; fileRef = 1884C742237BD0DA00A05B9A /* MusicInstructions.swift */; };
		1884C749237BDDCE00A05B9A /* TableView.swift in Sources */ = {isa = PBXBuildFile; fileRef = 1884C748237BDDCE00A05B9A /* TableView.swift */; };
		1884C74C237BDEFE00A05B9A /* NavTitleCell.swift in Sources */ = {isa = PBXBuildFile; fileRef = 1884C74B237BDEFE00A05B9A /* NavTitleCell.swift */; };
		18911BBC22CB4281007618B0 /* AppDelegate.swift in Sources */ = {isa = PBXBuildFile; fileRef = 18911BBB22CB4281007618B0 /* AppDelegate.swift */; };
		18911BBE22CB4281007618B0 /* ViewController.swift in Sources */ = {isa = PBXBuildFile; fileRef = 18911BBD22CB4281007618B0 /* ViewController.swift */; };
		18911BC122CB4281007618B0 /* Main.storyboard in Resources */ = {isa = PBXBuildFile; fileRef = 18911BBF22CB4281007618B0 /* Main.storyboard */; };
		18911BC622CB42A5007618B0 /* LaunchScreen.storyboard in Resources */ = {isa = PBXBuildFile; fileRef = 18911BC422CB42A5007618B0 /* LaunchScreen.storyboard */; };
		18911BD122CB42A5007618B0 /* DemoTests.swift in Sources */ = {isa = PBXBuildFile; fileRef = 18911BD022CB42A5007618B0 /* DemoTests.swift */; };
		18911BDC22CB42A5007618B0 /* DemoUITests.swift in Sources */ = {isa = PBXBuildFile; fileRef = 18911BDB22CB42A5007618B0 /* DemoUITests.swift */; };
		18911BF022CB465A007618B0 /* Url.swift in Sources */ = {isa = PBXBuildFile; fileRef = 18911BEF22CB465A007618B0 /* Url.swift */; };
		18911C0122CB4DC6007618B0 /* Home.swift in Sources */ = {isa = PBXBuildFile; fileRef = 18911C0022CB4DC6007618B0 /* Home.swift */; };
		18911C0722CB51DC007618B0 /* BaseNavigationController.swift in Sources */ = {isa = PBXBuildFile; fileRef = 18911C0622CB51DC007618B0 /* BaseNavigationController.swift */; };
		18911C0922CB51F6007618B0 /* BaseTabBarController.swift in Sources */ = {isa = PBXBuildFile; fileRef = 18911C0822CB51F6007618B0 /* BaseTabBarController.swift */; };
		18A3E3EF22F8112F0010E560 /* DefaultHttp.swift in Sources */ = {isa = PBXBuildFile; fileRef = 18A3E3EE22F8112F0010E560 /* DefaultHttp.swift */; };
		18A3E40622FBBF450010E560 /* TableViewController.swift in Sources */ = {isa = PBXBuildFile; fileRef = 18A3E40522FBBF450010E560 /* TableViewController.swift */; };
		18A3E40922FBBFBC0010E560 /* SetupCell.swift in Sources */ = {isa = PBXBuildFile; fileRef = 18A3E40822FBBFBC0010E560 /* SetupCell.swift */; };
		18B66B3A2384F08E00A3126F /* HeaderCell.swift in Sources */ = {isa = PBXBuildFile; fileRef = 18B66B392384F08E00A3126F /* HeaderCell.swift */; };
		18B66B432385118A00A3126F /* Forget.swift in Sources */ = {isa = PBXBuildFile; fileRef = 18B66B402385118A00A3126F /* Forget.swift */; };
		18B66B442385118A00A3126F /* Login.swift in Sources */ = {isa = PBXBuildFile; fileRef = 18B66B412385118A00A3126F /* Login.swift */; };
		18B66B452385118A00A3126F /* Registered.swift in Sources */ = {isa = PBXBuildFile; fileRef = 18B66B422385118A00A3126F /* Registered.swift */; };
		18B66B4E238511AE00A3126F /* LoginButtonCell.swift in Sources */ = {isa = PBXBuildFile; fileRef = 18B66B47238511AD00A3126F /* LoginButtonCell.swift */; };
		18B66B4F238511AE00A3126F /* LoginVCodeCell.swift in Sources */ = {isa = PBXBuildFile; fileRef = 18B66B48238511AD00A3126F /* LoginVCodeCell.swift */; };
		18B66B50238511AE00A3126F /* LoginPasswordCell.swift in Sources */ = {isa = PBXBuildFile; fileRef = 18B66B49238511AD00A3126F /* LoginPasswordCell.swift */; };
		18B66B51238511AE00A3126F /* LoginUsernameCell.swift in Sources */ = {isa = PBXBuildFile; fileRef = 18B66B4A238511AD00A3126F /* LoginUsernameCell.swift */; };
		18B66B52238511AE00A3126F /* LoginForgetButtonCell.swift in Sources */ = {isa = PBXBuildFile; fileRef = 18B66B4B238511AD00A3126F /* LoginForgetButtonCell.swift */; };
		18B66B53238511AE00A3126F /* LoginOtherCell.swift in Sources */ = {isa = PBXBuildFile; fileRef = 18B66B4C238511AD00A3126F /* LoginOtherCell.swift */; };
		18B66B54238511AE00A3126F /* LoginHeaderCell.swift in Sources */ = {isa = PBXBuildFile; fileRef = 18B66B4D238511AE00A3126F /* LoginHeaderCell.swift */; };
		18B66B56238514D300A3126F /* LoginOutCell.swift in Sources */ = {isa = PBXBuildFile; fileRef = 18B66B55238514D300A3126F /* LoginOutCell.swift */; };
		18C5FE7C22CF4483003C7EEA /* Configuration.swift in Sources */ = {isa = PBXBuildFile; fileRef = 18C5FE7B22CF4483003C7EEA /* Configuration.swift */; };
		18C6D9C1237C0A8B00BCF77E /* NewsHome.swift in Sources */ = {isa = PBXBuildFile; fileRef = 18C6D9C0237C0A8B00BCF77E /* NewsHome.swift */; };
		18C6D9C3237C0A9300BCF77E /* NewsVideo.swift in Sources */ = {isa = PBXBuildFile; fileRef = 18C6D9C2237C0A9300BCF77E /* NewsVideo.swift */; };
		18C6D9C5237C0A9A00BCF77E /* NewsHot.swift in Sources */ = {isa = PBXBuildFile; fileRef = 18C6D9C4237C0A9A00BCF77E /* NewsHot.swift */; };
		18C6D9C7237C0AA600BCF77E /* NewMine.swift in Sources */ = {isa = PBXBuildFile; fileRef = 18C6D9C6237C0AA600BCF77E /* NewMine.swift */; };
		18C6D9CD237C0B3E00BCF77E /* MusicHome.swift in Sources */ = {isa = PBXBuildFile; fileRef = 18C6D9CC237C0B3E00BCF77E /* MusicHome.swift */; };
		18C6D9CF237C0B4400BCF77E /* MusicRecommend.swift in Sources */ = {isa = PBXBuildFile; fileRef = 18C6D9CE237C0B4400BCF77E /* MusicRecommend.swift */; };
		18C6D9D1237C0B4B00BCF77E /* MusicDynamic.swift in Sources */ = {isa = PBXBuildFile; fileRef = 18C6D9D0237C0B4B00BCF77E /* MusicDynamic.swift */; };
		18C6D9D3237C0B5300BCF77E /* MusicMine.swift in Sources */ = {isa = PBXBuildFile; fileRef = 18C6D9D2237C0B5300BCF77E /* MusicMine.swift */; };
		18C6D9E1237CE94C00BCF77E /* NavBackCell.swift in Sources */ = {isa = PBXBuildFile; fileRef = 18C6D9E0237CE94C00BCF77E /* NavBackCell.swift */; };
		455E0E7A239CE33100ED512C /* Details101.swift in Sources */ = {isa = PBXBuildFile; fileRef = 455E0E79239CE33100ED512C /* Details101.swift */; };
		455E0E7C239CE34100ED512C /* Details102.swift in Sources */ = {isa = PBXBuildFile; fileRef = 455E0E7B239CE34100ED512C /* Details102.swift */; };
		455E0E7E239CE34B00ED512C /* Details103.swift in Sources */ = {isa = PBXBuildFile; fileRef = 455E0E7D239CE34B00ED512C /* Details103.swift */; };
		455E0E80239CE35500ED512C /* Details104.swift in Sources */ = {isa = PBXBuildFile; fileRef = 455E0E7F239CE35500ED512C /* Details104.swift */; };
		455E0E82239CE35D00ED512C /* Details105.swift in Sources */ = {isa = PBXBuildFile; fileRef = 455E0E81239CE35D00ED512C /* Details105.swift */; };
		455E0EB3239FD70600ED512C /* Nav101Cell.swift in Sources */ = {isa = PBXBuildFile; fileRef = 455E0EB2239FD70600ED512C /* Nav101Cell.swift */; };
		455E0EB5239FD7A500ED512C /* TabInstructions.swift in Sources */ = {isa = PBXBuildFile; fileRef = 455E0EB4239FD7A500ED512C /* TabInstructions.swift */; };
		455E0EB8239FD7FC00ED512C /* Tab101.swift in Sources */ = {isa = PBXBuildFile; fileRef = 455E0EB7239FD7FC00ED512C /* Tab101.swift */; };
		455E0EBC239FD84500ED512C /* Tab102.swift in Sources */ = {isa = PBXBuildFile; fileRef = 455E0EBB239FD84500ED512C /* Tab102.swift */; };
		455E0EBE239FD84D00ED512C /* Tab103.swift in Sources */ = {isa = PBXBuildFile; fileRef = 455E0EBD239FD84D00ED512C /* Tab103.swift */; };
		457E365523097C3700D14847 /* Assets.xcassets in Resources */ = {isa = PBXBuildFile; fileRef = 457E365423097C3700D14847 /* Assets.xcassets */; };
		457E3658230ECBE300D14847 /* Alert.swift in Sources */ = {isa = PBXBuildFile; fileRef = 457E3657230ECBE300D14847 /* Alert.swift */; };
		458F053922D6163300271BB4 /* POST.swift in Sources */ = {isa = PBXBuildFile; fileRef = 458F053822D6163300271BB4 /* POST.swift */; };
		45985A7222ED49C700FB19F4 /* CollectionViewController.swift in Sources */ = {isa = PBXBuildFile; fileRef = 45985A7122ED49C700FB19F4 /* CollectionViewController.swift */; };
		45985A7622ED49ED00FB19F4 /* CollectionView.swift in Sources */ = {isa = PBXBuildFile; fileRef = 45985A7522ED49ED00FB19F4 /* CollectionView.swift */; };
		45985A7822ED4A2400FB19F4 /* Cells.swift in Sources */ = {isa = PBXBuildFile; fileRef = 45985A7722ED4A2400FB19F4 /* Cells.swift */; };
		45985A7A22ED50BF00FB19F4 /* TabViewController.swift in Sources */ = {isa = PBXBuildFile; fileRef = 45985A7922ED50BF00FB19F4 /* TabViewController.swift */; };
		45985A7D22ED51C200FB19F4 /* TabHeaderCell.swift in Sources */ = {isa = PBXBuildFile; fileRef = 45985A7C22ED51C200FB19F4 /* TabHeaderCell.swift */; };
		45985A7F22ED51D200FB19F4 /* TabContentCell.swift in Sources */ = {isa = PBXBuildFile; fileRef = 45985A7E22ED51D200FB19F4 /* TabContentCell.swift */; };
		45985A8122ED885E00FB19F4 /* Menu.swift in Sources */ = {isa = PBXBuildFile; fileRef = 45985A8022ED885E00FB19F4 /* Menu.swift */; };
		45B04B58237DB2F9002B650B /* TabView.swift in Sources */ = {isa = PBXBuildFile; fileRef = 45B04B57237DB2F9002B650B /* TabView.swift */; };
		45B04B65237F9D27002B650B /* MusicHomeNavCell.swift in Sources */ = {isa = PBXBuildFile; fileRef = 45B04B64237F9D27002B650B /* MusicHomeNavCell.swift */; };
		45B04B67237F9D39002B650B /* MusicRecommendNavCell.swift in Sources */ = {isa = PBXBuildFile; fileRef = 45B04B66237F9D39002B650B /* MusicRecommendNavCell.swift */; };
		45B04B69237F9D45002B650B /* MusicDynamicNavCell.swift in Sources */ = {isa = PBXBuildFile; fileRef = 45B04B68237F9D45002B650B /* MusicDynamicNavCell.swift */; };
		45B04B6B237F9D50002B650B /* MusicMineNavCell.swift in Sources */ = {isa = PBXBuildFile; fileRef = 45B04B6A237F9D50002B650B /* MusicMineNavCell.swift */; };
		45B04B6D237F9D60002B650B /* MusicHomeCell.swift in Sources */ = {isa = PBXBuildFile; fileRef = 45B04B6C237F9D60002B650B /* MusicHomeCell.swift */; };
		45B04B6F237F9D6F002B650B /* MusicRecommendCell.swift in Sources */ = {isa = PBXBuildFile; fileRef = 45B04B6E237F9D6F002B650B /* MusicRecommendCell.swift */; };
		45B04B71237F9D79002B650B /* MusicDynamicCell.swift in Sources */ = {isa = PBXBuildFile; fileRef = 45B04B70237F9D79002B650B /* MusicDynamicCell.swift */; };
		45B04B73237F9D87002B650B /* MusicMineCell.swift in Sources */ = {isa = PBXBuildFile; fileRef = 45B04B72237F9D87002B650B /* MusicMineCell.swift */; };
		45B04B77237FD68A002B650B /* NewsHomeNavCell.swift in Sources */ = {isa = PBXBuildFile; fileRef = 45B04B76237FD68A002B650B /* NewsHomeNavCell.swift */; };
		45B04B79237FD698002B650B /* NewsVideoNavCell.swift in Sources */ = {isa = PBXBuildFile; fileRef = 45B04B78237FD698002B650B /* NewsVideoNavCell.swift */; };
		45B04B7B237FD6A6002B650B /* NewsHotNavCell.swift in Sources */ = {isa = PBXBuildFile; fileRef = 45B04B7A237FD6A6002B650B /* NewsHotNavCell.swift */; };
		45B04B7D237FD6B3002B650B /* NewMineNavCell.swift in Sources */ = {isa = PBXBuildFile; fileRef = 45B04B7C237FD6B3002B650B /* NewMineNavCell.swift */; };
		45B04B7F237FD6C6002B650B /* NewsHomeCell.swift in Sources */ = {isa = PBXBuildFile; fileRef = 45B04B7E237FD6C6002B650B /* NewsHomeCell.swift */; };
		45B04B81237FD6DA002B650B /* NewsVideoCell.swift in Sources */ = {isa = PBXBuildFile; fileRef = 45B04B80237FD6DA002B650B /* NewsVideoCell.swift */; };
		45B04B83237FD6E5002B650B /* NewsHotCell.swift in Sources */ = {isa = PBXBuildFile; fileRef = 45B04B82237FD6E5002B650B /* NewsHotCell.swift */; };
		45B04B85237FD6F4002B650B /* NewMineCell.swift in Sources */ = {isa = PBXBuildFile; fileRef = 45B04B84237FD6F4002B650B /* NewMineCell.swift */; };
		B617D314845B89B19697980D /* Pods_Demo.framework in Frameworks */ = {isa = PBXBuildFile; fileRef = 42FFFBDD17AFD3F17E4B29D5 /* Pods_Demo.framework */; };
		D44991443EF71FB9075AD326 /* Pods_DemoUITests.framework in Frameworks */ = {isa = PBXBuildFile; fileRef = CFB92A2976401FA38EB89D96 /* Pods_DemoUITests.framework */; };
/* End PBXBuildFile section */

/* Begin PBXContainerItemProxy section */
		18911BCD22CB42A5007618B0 /* PBXContainerItemProxy */ = {
			isa = PBXContainerItemProxy;
			containerPortal = 18911BB022CB4281007618B0 /* Project object */;
			proxyType = 1;
			remoteGlobalIDString = 18911BB722CB4281007618B0;
			remoteInfo = Demo;
		};
		18911BD822CB42A5007618B0 /* PBXContainerItemProxy */ = {
			isa = PBXContainerItemProxy;
			containerPortal = 18911BB022CB4281007618B0 /* Project object */;
			proxyType = 1;
			remoteGlobalIDString = 18911BB722CB4281007618B0;
			remoteInfo = Demo;
		};
/* End PBXContainerItemProxy section */

/* Begin PBXFileReference section */
		184FB5D7237E3A8F00410DF2 /* news_4@3x.png */ = {isa = PBXFileReference; lastKnownFileType = image.png; path = "news_4@3x.png"; sourceTree = "<group>"; };
		184FB5D8237E3A9000410DF2 /* news_1@3x.png */ = {isa = PBXFileReference; lastKnownFileType = image.png; path = "news_1@3x.png"; sourceTree = "<group>"; };
		184FB5D9237E3A9000410DF2 /* news_2@3x.png */ = {isa = PBXFileReference; lastKnownFileType = image.png; path = "news_2@3x.png"; sourceTree = "<group>"; };
		184FB5DA237E3A9000410DF2 /* news_3@3x.png */ = {isa = PBXFileReference; lastKnownFileType = image.png; path = "news_3@3x.png"; sourceTree = "<group>"; };
		184FB5DF237E3BCB00410DF2 /* NewsHomeDetails.swift */ = {isa = PBXFileReference; lastKnownFileType = sourcecode.swift; path = NewsHomeDetails.swift; sourceTree = "<group>"; };
		184FB5E2237E3C6600410DF2 /* NewsVideoDetails.swift */ = {isa = PBXFileReference; lastKnownFileType = sourcecode.swift; path = NewsVideoDetails.swift; sourceTree = "<group>"; };
		184FB5E4237E3C7000410DF2 /* NewsHotDetails.swift */ = {isa = PBXFileReference; lastKnownFileType = sourcecode.swift; path = NewsHotDetails.swift; sourceTree = "<group>"; };
		184FB5E7237E3CB600410DF2 /* NewMineMessage.swift */ = {isa = PBXFileReference; lastKnownFileType = sourcecode.swift; path = NewMineMessage.swift; sourceTree = "<group>"; };
		184FB5E9237E3CC300410DF2 /* NewMineHistory.swift */ = {isa = PBXFileReference; lastKnownFileType = sourcecode.swift; path = NewMineHistory.swift; sourceTree = "<group>"; };
		184FB5EB237E3CD100410DF2 /* NewMineCollection.swift */ = {isa = PBXFileReference; lastKnownFileType = sourcecode.swift; path = NewMineCollection.swift; sourceTree = "<group>"; };
		184FB5ED237E3CE100410DF2 /* NewMinePush.swift */ = {isa = PBXFileReference; lastKnownFileType = sourcecode.swift; path = NewMinePush.swift; sourceTree = "<group>"; };
		184FB5EF237E3CF300410DF2 /* NewMineRedEnvelope.swift */ = {isa = PBXFileReference; lastKnownFileType = sourcecode.swift; path = NewMineRedEnvelope.swift; sourceTree = "<group>"; };
		184FB5F3237E3F2C00410DF2 /* NewsHighlights.swift */ = {isa = PBXFileReference; lastKnownFileType = sourcecode.swift; path = NewsHighlights.swift; sourceTree = "<group>"; };
		184FB5F5237E3F3600410DF2 /* NewsVideos.swift */ = {isa = PBXFileReference; lastKnownFileType = sourcecode.swift; path = NewsVideos.swift; sourceTree = "<group>"; };
		184FB5F7237E3F4500410DF2 /* NewsRecommendations.swift */ = {isa = PBXFileReference; lastKnownFileType = sourcecode.swift; path = NewsRecommendations.swift; sourceTree = "<group>"; };
		184FB5F9237E3F4F00410DF2 /* NewsBeijing.swift */ = {isa = PBXFileReference; lastKnownFileType = sourcecode.swift; path = NewsBeijing.swift; sourceTree = "<group>"; };
		184FB5FB237E3F6D00410DF2 /* NewsEntertainment.swift */ = {isa = PBXFileReference; lastKnownFileType = sourcecode.swift; path = NewsEntertainment.swift; sourceTree = "<group>"; };
		184FB5FD237E3F8000410DF2 /* NewsEra.swift */ = {isa = PBXFileReference; lastKnownFileType = sourcecode.swift; path = NewsEra.swift; sourceTree = "<group>"; };
		184FB5FF237E3F8F00410DF2 /* NewsSports.swift */ = {isa = PBXFileReference; lastKnownFileType = sourcecode.swift; path = NewsSports.swift; sourceTree = "<group>"; };
		184FB601237E3FA200410DF2 /* NewsMilitary.swift */ = {isa = PBXFileReference; lastKnownFileType = sourcecode.swift; path = NewsMilitary.swift; sourceTree = "<group>"; };
		184FB603237E3FAF00410DF2 /* NewsNBA.swift */ = {isa = PBXFileReference; lastKnownFileType = sourcecode.swift; path = NewsNBA.swift; sourceTree = "<group>"; };
		184FB605237E3FB800410DF2 /* NewsGames.swift */ = {isa = PBXFileReference; lastKnownFileType = sourcecode.swift; path = NewsGames.swift; sourceTree = "<group>"; };
		184FB607237E40AF00410DF2 /* NewsVideoRecom.swift */ = {isa = PBXFileReference; lastKnownFileType = sourcecode.swift; path = NewsVideoRecom.swift; sourceTree = "<group>"; };
		184FB609237E40C300410DF2 /* NewsVideoSmall.swift */ = {isa = PBXFileReference; lastKnownFileType = sourcecode.swift; path = NewsVideoSmall.swift; sourceTree = "<group>"; };
		184FB60B237E40CB00410DF2 /* NewsVideoLive.swift */ = {isa = PBXFileReference; lastKnownFileType = sourcecode.swift; path = NewsVideoLive.swift; sourceTree = "<group>"; };
		184FB60D237E40D600410DF2 /* NewsVideoSupernova.swift */ = {isa = PBXFileReference; lastKnownFileType = sourcecode.swift; path = NewsVideoSupernova.swift; sourceTree = "<group>"; };
		184FB60F237E40E000410DF2 /* NewsVideoSelection.swift */ = {isa = PBXFileReference; lastKnownFileType = sourcecode.swift; path = NewsVideoSelection.swift; sourceTree = "<group>"; };
		184FB611237E40E700410DF2 /* NewsVideoGame.swift */ = {isa = PBXFileReference; lastKnownFileType = sourcecode.swift; path = NewsVideoGame.swift; sourceTree = "<group>"; };
		184FB613237E40F300410DF2 /* NewsVideoMilitary.swift */ = {isa = PBXFileReference; lastKnownFileType = sourcecode.swift; path = NewsVideoMilitary.swift; sourceTree = "<group>"; };
		184FB615237E419D00410DF2 /* NewsHotRecom.swift */ = {isa = PBXFileReference; lastKnownFileType = sourcecode.swift; path = NewsHotRecom.swift; sourceTree = "<group>"; };
		184FB617237E41AD00410DF2 /* NewsHotList.swift */ = {isa = PBXFileReference; lastKnownFileType = sourcecode.swift; path = NewsHotList.swift; sourceTree = "<group>"; };
		184FB619237E41B800410DF2 /* NewsHotTopic.swift */ = {isa = PBXFileReference; lastKnownFileType = sourcecode.swift; path = NewsHotTopic.swift; sourceTree = "<group>"; };
		184FB61B237E41D300410DF2 /* NewsHotStar.swift */ = {isa = PBXFileReference; lastKnownFileType = sourcecode.swift; path = NewsHotStar.swift; sourceTree = "<group>"; };
		184FB651237E576300410DF2 /* music_4@3x.png */ = {isa = PBXFileReference; lastKnownFileType = image.png; path = "music_4@3x.png"; sourceTree = "<group>"; };
		184FB652237E576400410DF2 /* music_1@3x.png */ = {isa = PBXFileReference; lastKnownFileType = image.png; path = "music_1@3x.png"; sourceTree = "<group>"; };
		184FB653237E576400410DF2 /* music_2@3x.png */ = {isa = PBXFileReference; lastKnownFileType = image.png; path = "music_2@3x.png"; sourceTree = "<group>"; };
		184FB654237E576400410DF2 /* music_3@3x.png */ = {isa = PBXFileReference; lastKnownFileType = image.png; path = "music_3@3x.png"; sourceTree = "<group>"; };
		184FB659237E72D300410DF2 /* MusicHomeDetails.swift */ = {isa = PBXFileReference; lastKnownFileType = sourcecode.swift; path = MusicHomeDetails.swift; sourceTree = "<group>"; };
		184FB65B237E72E500410DF2 /* MusicRecommendDetails.swift */ = {isa = PBXFileReference; lastKnownFileType = sourcecode.swift; path = MusicRecommendDetails.swift; sourceTree = "<group>"; };
		184FB65E237E734B00410DF2 /* MusicDynamicDetails.swift */ = {isa = PBXFileReference; lastKnownFileType = sourcecode.swift; path = MusicDynamicDetails.swift; sourceTree = "<group>"; };
		184FB661237E737C00410DF2 /* MusicSelection.swift */ = {isa = PBXFileReference; lastKnownFileType = sourcecode.swift; path = MusicSelection.swift; sourceTree = "<group>"; };
		184FB663237E738700410DF2 /* MusicAttention.swift */ = {isa = PBXFileReference; lastKnownFileType = sourcecode.swift; path = MusicAttention.swift; sourceTree = "<group>"; };
		184FB665237E73E600410DF2 /* MusicLike.swift */ = {isa = PBXFileReference; lastKnownFileType = sourcecode.swift; path = MusicLike.swift; sourceTree = "<group>"; };
		184FB667237E73F600410DF2 /* MusicRecent.swift */ = {isa = PBXFileReference; lastKnownFileType = sourcecode.swift; path = MusicRecent.swift; sourceTree = "<group>"; };
		184FB669237E740A00410DF2 /* MusicLocal.swift */ = {isa = PBXFileReference; lastKnownFileType = sourcecode.swift; path = MusicLocal.swift; sourceTree = "<group>"; };
		184FB66B237E741B00410DF2 /* MusicPurchased.swift */ = {isa = PBXFileReference; lastKnownFileType = sourcecode.swift; path = MusicPurchased.swift; sourceTree = "<group>"; };
		184FB689237EA04E00410DF2 /* TodoCell.swift */ = {isa = PBXFileReference; lastKnownFileType = sourcecode.swift; path = TodoCell.swift; sourceTree = "<group>"; };
		187958BB239DE99F00214D1A /* m_1@3x.png */ = {isa = PBXFileReference; lastKnownFileType = image.png; path = "m_1@3x.png"; sourceTree = "<group>"; };
		187958BD239DEB4B00214D1A /* m_2@3x.png */ = {isa = PBXFileReference; lastKnownFileType = image.png; path = "m_2@3x.png"; sourceTree = "<group>"; };
		187958BF239DEC6F00214D1A /* m_3@3x.png */ = {isa = PBXFileReference; lastKnownFileType = image.png; path = "m_3@3x.png"; sourceTree = "<group>"; };
		187958C1239DEDB800214D1A /* Music101Cell.swift */ = {isa = PBXFileReference; lastKnownFileType = sourcecode.swift; path = Music101Cell.swift; sourceTree = "<group>"; };
		187958C3239DEDCC00214D1A /* Music101SubCell.swift */ = {isa = PBXFileReference; lastKnownFileType = sourcecode.swift; path = Music101SubCell.swift; sourceTree = "<group>"; };
		187958C5239DEDD500214D1A /* Music102Cell.swift */ = {isa = PBXFileReference; lastKnownFileType = sourcecode.swift; path = Music102Cell.swift; sourceTree = "<group>"; };
		187958C9239DEDEC00214D1A /* Music103Cell.swift */ = {isa = PBXFileReference; lastKnownFileType = sourcecode.swift; path = Music103Cell.swift; sourceTree = "<group>"; };
		187958CD239DEE6800214D1A /* Music102SubCell.swift */ = {isa = PBXFileReference; lastKnownFileType = sourcecode.swift; path = Music102SubCell.swift; sourceTree = "<group>"; };
		187958CF239DEE7700214D1A /* Music104Cell.swift */ = {isa = PBXFileReference; lastKnownFileType = sourcecode.swift; path = Music104Cell.swift; sourceTree = "<group>"; };
		187958D1239DEE8200214D1A /* Music105Cell.swift */ = {isa = PBXFileReference; lastKnownFileType = sourcecode.swift; path = Music105Cell.swift; sourceTree = "<group>"; };
		187958D3239DF65900214D1A /* MusicHeaderCell.swift */ = {isa = PBXFileReference; lastKnownFileType = sourcecode.swift; path = MusicHeaderCell.swift; sourceTree = "<group>"; };
		187958D5239DF8BC00214D1A /* Music301Cell.swift */ = {isa = PBXFileReference; lastKnownFileType = sourcecode.swift; path = Music301Cell.swift; sourceTree = "<group>"; };
		187958D7239DF8C900214D1A /* Music301SubCell.swift */ = {isa = PBXFileReference; lastKnownFileType = sourcecode.swift; path = Music301SubCell.swift; sourceTree = "<group>"; };
		187958D9239DFC9E00214D1A /* Music401Cell.swift */ = {isa = PBXFileReference; lastKnownFileType = sourcecode.swift; path = Music401Cell.swift; sourceTree = "<group>"; };
		187958DB239DFCAC00214D1A /* Music401SubCell.swift */ = {isa = PBXFileReference; lastKnownFileType = sourcecode.swift; path = Music401SubCell.swift; sourceTree = "<group>"; };
		187958DD239DFCBA00214D1A /* Music402Cell.swift */ = {isa = PBXFileReference; lastKnownFileType = sourcecode.swift; path = Music402Cell.swift; sourceTree = "<group>"; };
		1884C718237BB45600A05B9A /* AlertView.swift */ = {isa = PBXFileReference; lastKnownFileType = sourcecode.swift; path = AlertView.swift; sourceTree = "<group>"; };
		1884C71B237BB55A00A05B9A /* Adapter.swift */ = {isa = PBXFileReference; lastKnownFileType = sourcecode.swift; path = Adapter.swift; sourceTree = "<group>"; };
		1884C740237BD0D100A05B9A /* NewsInstructions.swift */ = {isa = PBXFileReference; lastKnownFileType = sourcecode.swift; path = NewsInstructions.swift; sourceTree = "<group>"; };
		1884C742237BD0DA00A05B9A /* MusicInstructions.swift */ = {isa = PBXFileReference; lastKnownFileType = sourcecode.swift; path = MusicInstructions.swift; sourceTree = "<group>"; };
		1884C748237BDDCE00A05B9A /* TableView.swift */ = {isa = PBXFileReference; lastKnownFileType = sourcecode.swift; path = TableView.swift; sourceTree = "<group>"; };
		1884C74B237BDEFE00A05B9A /* NavTitleCell.swift */ = {isa = PBXFileReference; lastKnownFileType = sourcecode.swift; path = NavTitleCell.swift; sourceTree = "<group>"; };
		18911BB822CB4281007618B0 /* Demo.app */ = {isa = PBXFileReference; explicitFileType = wrapper.application; includeInIndex = 0; path = Demo.app; sourceTree = BUILT_PRODUCTS_DIR; };
		18911BBB22CB4281007618B0 /* AppDelegate.swift */ = {isa = PBXFileReference; lastKnownFileType = sourcecode.swift; path = AppDelegate.swift; sourceTree = "<group>"; };
		18911BBD22CB4281007618B0 /* ViewController.swift */ = {isa = PBXFileReference; lastKnownFileType = sourcecode.swift; path = ViewController.swift; sourceTree = "<group>"; };
		18911BC022CB4281007618B0 /* Base */ = {isa = PBXFileReference; lastKnownFileType = file.storyboard; name = Base; path = Base.lproj/Main.storyboard; sourceTree = "<group>"; };
		18911BC522CB42A5007618B0 /* Base */ = {isa = PBXFileReference; lastKnownFileType = file.storyboard; name = Base; path = Base.lproj/LaunchScreen.storyboard; sourceTree = "<group>"; };
		18911BC722CB42A5007618B0 /* Info.plist */ = {isa = PBXFileReference; lastKnownFileType = text.plist.xml; path = Info.plist; sourceTree = "<group>"; };
		18911BCC22CB42A5007618B0 /* DemoTests.xctest */ = {isa = PBXFileReference; explicitFileType = wrapper.cfbundle; includeInIndex = 0; path = DemoTests.xctest; sourceTree = BUILT_PRODUCTS_DIR; };
		18911BD022CB42A5007618B0 /* DemoTests.swift */ = {isa = PBXFileReference; lastKnownFileType = sourcecode.swift; path = DemoTests.swift; sourceTree = "<group>"; };
		18911BD222CB42A5007618B0 /* Info.plist */ = {isa = PBXFileReference; lastKnownFileType = text.plist.xml; path = Info.plist; sourceTree = "<group>"; };
		18911BD722CB42A5007618B0 /* DemoUITests.xctest */ = {isa = PBXFileReference; explicitFileType = wrapper.cfbundle; includeInIndex = 0; path = DemoUITests.xctest; sourceTree = BUILT_PRODUCTS_DIR; };
		18911BDB22CB42A5007618B0 /* DemoUITests.swift */ = {isa = PBXFileReference; lastKnownFileType = sourcecode.swift; path = DemoUITests.swift; sourceTree = "<group>"; };
		18911BDD22CB42A5007618B0 /* Info.plist */ = {isa = PBXFileReference; lastKnownFileType = text.plist.xml; path = Info.plist; sourceTree = "<group>"; };
		18911BEF22CB465A007618B0 /* Url.swift */ = {isa = PBXFileReference; lastKnownFileType = sourcecode.swift; path = Url.swift; sourceTree = "<group>"; };
		18911C0022CB4DC6007618B0 /* Home.swift */ = {isa = PBXFileReference; lastKnownFileType = sourcecode.swift; path = Home.swift; sourceTree = "<group>"; };
		18911C0622CB51DC007618B0 /* BaseNavigationController.swift */ = {isa = PBXFileReference; lastKnownFileType = sourcecode.swift; path = BaseNavigationController.swift; sourceTree = "<group>"; };
		18911C0822CB51F6007618B0 /* BaseTabBarController.swift */ = {isa = PBXFileReference; lastKnownFileType = sourcecode.swift; path = BaseTabBarController.swift; sourceTree = "<group>"; };
		18A3E3EE22F8112F0010E560 /* DefaultHttp.swift */ = {isa = PBXFileReference; lastKnownFileType = sourcecode.swift; path = DefaultHttp.swift; sourceTree = "<group>"; };
		18A3E40522FBBF450010E560 /* TableViewController.swift */ = {isa = PBXFileReference; lastKnownFileType = sourcecode.swift; path = TableViewController.swift; sourceTree = "<group>"; };
		18A3E40822FBBFBC0010E560 /* SetupCell.swift */ = {isa = PBXFileReference; lastKnownFileType = sourcecode.swift; path = SetupCell.swift; sourceTree = "<group>"; };
		18B66B392384F08E00A3126F /* HeaderCell.swift */ = {isa = PBXFileReference; lastKnownFileType = sourcecode.swift; path = HeaderCell.swift; sourceTree = "<group>"; };
		18B66B402385118A00A3126F /* Forget.swift */ = {isa = PBXFileReference; fileEncoding = 4; lastKnownFileType = sourcecode.swift; path = Forget.swift; sourceTree = "<group>"; };
		18B66B412385118A00A3126F /* Login.swift */ = {isa = PBXFileReference; fileEncoding = 4; lastKnownFileType = sourcecode.swift; path = Login.swift; sourceTree = "<group>"; };
		18B66B422385118A00A3126F /* Registered.swift */ = {isa = PBXFileReference; fileEncoding = 4; lastKnownFileType = sourcecode.swift; path = Registered.swift; sourceTree = "<group>"; };
		18B66B47238511AD00A3126F /* LoginButtonCell.swift */ = {isa = PBXFileReference; fileEncoding = 4; lastKnownFileType = sourcecode.swift; path = LoginButtonCell.swift; sourceTree = "<group>"; };
		18B66B48238511AD00A3126F /* LoginVCodeCell.swift */ = {isa = PBXFileReference; fileEncoding = 4; lastKnownFileType = sourcecode.swift; path = LoginVCodeCell.swift; sourceTree = "<group>"; };
		18B66B49238511AD00A3126F /* LoginPasswordCell.swift */ = {isa = PBXFileReference; fileEncoding = 4; lastKnownFileType = sourcecode.swift; path = LoginPasswordCell.swift; sourceTree = "<group>"; };
		18B66B4A238511AD00A3126F /* LoginUsernameCell.swift */ = {isa = PBXFileReference; fileEncoding = 4; lastKnownFileType = sourcecode.swift; path = LoginUsernameCell.swift; sourceTree = "<group>"; };
		18B66B4B238511AD00A3126F /* LoginForgetButtonCell.swift */ = {isa = PBXFileReference; fileEncoding = 4; lastKnownFileType = sourcecode.swift; path = LoginForgetButtonCell.swift; sourceTree = "<group>"; };
		18B66B4C238511AD00A3126F /* LoginOtherCell.swift */ = {isa = PBXFileReference; fileEncoding = 4; lastKnownFileType = sourcecode.swift; path = LoginOtherCell.swift; sourceTree = "<group>"; };
		18B66B4D238511AE00A3126F /* LoginHeaderCell.swift */ = {isa = PBXFileReference; fileEncoding = 4; lastKnownFileType = sourcecode.swift; path = LoginHeaderCell.swift; sourceTree = "<group>"; };
		18B66B55238514D300A3126F /* LoginOutCell.swift */ = {isa = PBXFileReference; lastKnownFileType = sourcecode.swift; path = LoginOutCell.swift; sourceTree = "<group>"; };
		18C5FE7B22CF4483003C7EEA /* Configuration.swift */ = {isa = PBXFileReference; lastKnownFileType = sourcecode.swift; path = Configuration.swift; sourceTree = "<group>"; };
		18C6D9C0237C0A8B00BCF77E /* NewsHome.swift */ = {isa = PBXFileReference; lastKnownFileType = sourcecode.swift; path = NewsHome.swift; sourceTree = "<group>"; };
		18C6D9C2237C0A9300BCF77E /* NewsVideo.swift */ = {isa = PBXFileReference; lastKnownFileType = sourcecode.swift; path = NewsVideo.swift; sourceTree = "<group>"; };
		18C6D9C4237C0A9A00BCF77E /* NewsHot.swift */ = {isa = PBXFileReference; lastKnownFileType = sourcecode.swift; path = NewsHot.swift; sourceTree = "<group>"; };
		18C6D9C6237C0AA600BCF77E /* NewMine.swift */ = {isa = PBXFileReference; lastKnownFileType = sourcecode.swift; path = NewMine.swift; sourceTree = "<group>"; };
		18C6D9CC237C0B3E00BCF77E /* MusicHome.swift */ = {isa = PBXFileReference; lastKnownFileType = sourcecode.swift; path = MusicHome.swift; sourceTree = "<group>"; };
		18C6D9CE237C0B4400BCF77E /* MusicRecommend.swift */ = {isa = PBXFileReference; lastKnownFileType = sourcecode.swift; path = MusicRecommend.swift; sourceTree = "<group>"; };
		18C6D9D0237C0B4B00BCF77E /* MusicDynamic.swift */ = {isa = PBXFileReference; lastKnownFileType = sourcecode.swift; path = MusicDynamic.swift; sourceTree = "<group>"; };
		18C6D9D2237C0B5300BCF77E /* MusicMine.swift */ = {isa = PBXFileReference; lastKnownFileType = sourcecode.swift; path = MusicMine.swift; sourceTree = "<group>"; };
		18C6D9E0237CE94C00BCF77E /* NavBackCell.swift */ = {isa = PBXFileReference; lastKnownFileType = sourcecode.swift; path = NavBackCell.swift; sourceTree = "<group>"; };
		42A35589383EFA4495DF6002 /* Pods-DemoTests.release.xcconfig */ = {isa = PBXFileReference; includeInIndex = 1; lastKnownFileType = text.xcconfig; name = "Pods-DemoTests.release.xcconfig"; path = "Target Support Files/Pods-DemoTests/Pods-DemoTests.release.xcconfig"; sourceTree = "<group>"; };
		42FFFBDD17AFD3F17E4B29D5 /* Pods_Demo.framework */ = {isa = PBXFileReference; explicitFileType = wrapper.framework; includeInIndex = 0; path = Pods_Demo.framework; sourceTree = BUILT_PRODUCTS_DIR; };
		455E0E79239CE33100ED512C /* Details101.swift */ = {isa = PBXFileReference; lastKnownFileType = sourcecode.swift; path = Details101.swift; sourceTree = "<group>"; };
		455E0E7B239CE34100ED512C /* Details102.swift */ = {isa = PBXFileReference; lastKnownFileType = sourcecode.swift; path = Details102.swift; sourceTree = "<group>"; };
		455E0E7D239CE34B00ED512C /* Details103.swift */ = {isa = PBXFileReference; lastKnownFileType = sourcecode.swift; path = Details103.swift; sourceTree = "<group>"; };
		455E0E7F239CE35500ED512C /* Details104.swift */ = {isa = PBXFileReference; lastKnownFileType = sourcecode.swift; path = Details104.swift; sourceTree = "<group>"; };
		455E0E81239CE35D00ED512C /* Details105.swift */ = {isa = PBXFileReference; lastKnownFileType = sourcecode.swift; path = Details105.swift; sourceTree = "<group>"; };
		455E0EB2239FD70600ED512C /* Nav101Cell.swift */ = {isa = PBXFileReference; lastKnownFileType = sourcecode.swift; path = Nav101Cell.swift; sourceTree = "<group>"; };
		455E0EB4239FD7A500ED512C /* TabInstructions.swift */ = {isa = PBXFileReference; lastKnownFileType = sourcecode.swift; path = TabInstructions.swift; sourceTree = "<group>"; };
		455E0EB7239FD7FC00ED512C /* Tab101.swift */ = {isa = PBXFileReference; lastKnownFileType = sourcecode.swift; path = Tab101.swift; sourceTree = "<group>"; };
		455E0EBB239FD84500ED512C /* Tab102.swift */ = {isa = PBXFileReference; lastKnownFileType = sourcecode.swift; path = Tab102.swift; sourceTree = "<group>"; };
		455E0EBD239FD84D00ED512C /* Tab103.swift */ = {isa = PBXFileReference; lastKnownFileType = sourcecode.swift; path = Tab103.swift; sourceTree = "<group>"; };
		457E365423097C3700D14847 /* Assets.xcassets */ = {isa = PBXFileReference; lastKnownFileType = folder.assetcatalog; path = Assets.xcassets; sourceTree = "<group>"; };
		457E3657230ECBE300D14847 /* Alert.swift */ = {isa = PBXFileReference; lastKnownFileType = sourcecode.swift; path = Alert.swift; sourceTree = "<group>"; };
		458F053822D6163300271BB4 /* POST.swift */ = {isa = PBXFileReference; lastKnownFileType = sourcecode.swift; path = POST.swift; sourceTree = "<group>"; };
		45985A7122ED49C700FB19F4 /* CollectionViewController.swift */ = {isa = PBXFileReference; lastKnownFileType = sourcecode.swift; path = CollectionViewController.swift; sourceTree = "<group>"; };
		45985A7522ED49ED00FB19F4 /* CollectionView.swift */ = {isa = PBXFileReference; lastKnownFileType = sourcecode.swift; path = CollectionView.swift; sourceTree = "<group>"; };
		45985A7722ED4A2400FB19F4 /* Cells.swift */ = {isa = PBXFileReference; lastKnownFileType = sourcecode.swift; path = Cells.swift; sourceTree = "<group>"; };
		45985A7922ED50BF00FB19F4 /* TabViewController.swift */ = {isa = PBXFileReference; lastKnownFileType = sourcecode.swift; path = TabViewController.swift; sourceTree = "<group>"; };
		45985A7C22ED51C200FB19F4 /* TabHeaderCell.swift */ = {isa = PBXFileReference; lastKnownFileType = sourcecode.swift; path = TabHeaderCell.swift; sourceTree = "<group>"; };
		45985A7E22ED51D200FB19F4 /* TabContentCell.swift */ = {isa = PBXFileReference; lastKnownFileType = sourcecode.swift; path = TabContentCell.swift; sourceTree = "<group>"; };
		45985A8022ED885E00FB19F4 /* Menu.swift */ = {isa = PBXFileReference; lastKnownFileType = sourcecode.swift; path = Menu.swift; sourceTree = "<group>"; };
		45B04B57237DB2F9002B650B /* TabView.swift */ = {isa = PBXFileReference; lastKnownFileType = sourcecode.swift; path = TabView.swift; sourceTree = "<group>"; };
		45B04B64237F9D27002B650B /* MusicHomeNavCell.swift */ = {isa = PBXFileReference; lastKnownFileType = sourcecode.swift; path = MusicHomeNavCell.swift; sourceTree = "<group>"; };
		45B04B66237F9D39002B650B /* MusicRecommendNavCell.swift */ = {isa = PBXFileReference; lastKnownFileType = sourcecode.swift; path = MusicRecommendNavCell.swift; sourceTree = "<group>"; };
		45B04B68237F9D45002B650B /* MusicDynamicNavCell.swift */ = {isa = PBXFileReference; lastKnownFileType = sourcecode.swift; path = MusicDynamicNavCell.swift; sourceTree = "<group>"; };
		45B04B6A237F9D50002B650B /* MusicMineNavCell.swift */ = {isa = PBXFileReference; lastKnownFileType = sourcecode.swift; path = MusicMineNavCell.swift; sourceTree = "<group>"; };
		45B04B6C237F9D60002B650B /* MusicHomeCell.swift */ = {isa = PBXFileReference; lastKnownFileType = sourcecode.swift; path = MusicHomeCell.swift; sourceTree = "<group>"; };
		45B04B6E237F9D6F002B650B /* MusicRecommendCell.swift */ = {isa = PBXFileReference; lastKnownFileType = sourcecode.swift; path = MusicRecommendCell.swift; sourceTree = "<group>"; };
		45B04B70237F9D79002B650B /* MusicDynamicCell.swift */ = {isa = PBXFileReference; lastKnownFileType = sourcecode.swift; path = MusicDynamicCell.swift; sourceTree = "<group>"; };
		45B04B72237F9D87002B650B /* MusicMineCell.swift */ = {isa = PBXFileReference; lastKnownFileType = sourcecode.swift; path = MusicMineCell.swift; sourceTree = "<group>"; };
		45B04B76237FD68A002B650B /* NewsHomeNavCell.swift */ = {isa = PBXFileReference; lastKnownFileType = sourcecode.swift; path = NewsHomeNavCell.swift; sourceTree = "<group>"; };
		45B04B78237FD698002B650B /* NewsVideoNavCell.swift */ = {isa = PBXFileReference; lastKnownFileType = sourcecode.swift; path = NewsVideoNavCell.swift; sourceTree = "<group>"; };
		45B04B7A237FD6A6002B650B /* NewsHotNavCell.swift */ = {isa = PBXFileReference; lastKnownFileType = sourcecode.swift; path = NewsHotNavCell.swift; sourceTree = "<group>"; };
		45B04B7C237FD6B3002B650B /* NewMineNavCell.swift */ = {isa = PBXFileReference; lastKnownFileType = sourcecode.swift; path = NewMineNavCell.swift; sourceTree = "<group>"; };
		45B04B7E237FD6C6002B650B /* NewsHomeCell.swift */ = {isa = PBXFileReference; lastKnownFileType = sourcecode.swift; path = NewsHomeCell.swift; sourceTree = "<group>"; };
		45B04B80237FD6DA002B650B /* NewsVideoCell.swift */ = {isa = PBXFileReference; lastKnownFileType = sourcecode.swift; path = NewsVideoCell.swift; sourceTree = "<group>"; };
		45B04B82237FD6E5002B650B /* NewsHotCell.swift */ = {isa = PBXFileReference; lastKnownFileType = sourcecode.swift; path = NewsHotCell.swift; sourceTree = "<group>"; };
		45B04B84237FD6F4002B650B /* NewMineCell.swift */ = {isa = PBXFileReference; lastKnownFileType = sourcecode.swift; path = NewMineCell.swift; sourceTree = "<group>"; };
		5A111DE660BB3C699F05D563 /* Pods-Demo.release.xcconfig */ = {isa = PBXFileReference; includeInIndex = 1; lastKnownFileType = text.xcconfig; name = "Pods-Demo.release.xcconfig"; path = "Target Support Files/Pods-Demo/Pods-Demo.release.xcconfig"; sourceTree = "<group>"; };
		6B3527A4D3CA321520E453EF /* Pods-DemoUITests.release.xcconfig */ = {isa = PBXFileReference; includeInIndex = 1; lastKnownFileType = text.xcconfig; name = "Pods-DemoUITests.release.xcconfig"; path = "Target Support Files/Pods-DemoUITests/Pods-DemoUITests.release.xcconfig"; sourceTree = "<group>"; };
		7821C1C7F7555F4E07756901 /* Pods_DemoTests.framework */ = {isa = PBXFileReference; explicitFileType = wrapper.framework; includeInIndex = 0; path = Pods_DemoTests.framework; sourceTree = BUILT_PRODUCTS_DIR; };
		A3D71031928BA58940D096C6 /* Pods-DemoTests.debug.xcconfig */ = {isa = PBXFileReference; includeInIndex = 1; lastKnownFileType = text.xcconfig; name = "Pods-DemoTests.debug.xcconfig"; path = "Target Support Files/Pods-DemoTests/Pods-DemoTests.debug.xcconfig"; sourceTree = "<group>"; };
		A51D0805D8D68588106065A5 /* Pods-Demo.debug.xcconfig */ = {isa = PBXFileReference; includeInIndex = 1; lastKnownFileType = text.xcconfig; name = "Pods-Demo.debug.xcconfig"; path = "Target Support Files/Pods-Demo/Pods-Demo.debug.xcconfig"; sourceTree = "<group>"; };
		CBAF9E6E541537DCCE252C69 /* Pods-DemoUITests.debug.xcconfig */ = {isa = PBXFileReference; includeInIndex = 1; lastKnownFileType = text.xcconfig; name = "Pods-DemoUITests.debug.xcconfig"; path = "Target Support Files/Pods-DemoUITests/Pods-DemoUITests.debug.xcconfig"; sourceTree = "<group>"; };
		CFB92A2976401FA38EB89D96 /* Pods_DemoUITests.framework */ = {isa = PBXFileReference; explicitFileType = wrapper.framework; includeInIndex = 0; path = Pods_DemoUITests.framework; sourceTree = BUILT_PRODUCTS_DIR; };
/* End PBXFileReference section */

/* Begin PBXFrameworksBuildPhase section */
		18911BB522CB4281007618B0 /* Frameworks */ = {
			isa = PBXFrameworksBuildPhase;
			buildActionMask = 2147483647;
			files = (
				B617D314845B89B19697980D /* Pods_Demo.framework in Frameworks */,
			);
			runOnlyForDeploymentPostprocessing = 0;
		};
		18911BC922CB42A5007618B0 /* Frameworks */ = {
			isa = PBXFrameworksBuildPhase;
			buildActionMask = 2147483647;
			files = (
				12DDF649EAD187FF40C385BB /* Pods_DemoTests.framework in Frameworks */,
			);
			runOnlyForDeploymentPostprocessing = 0;
		};
		18911BD422CB42A5007618B0 /* Frameworks */ = {
			isa = PBXFrameworksBuildPhase;
			buildActionMask = 2147483647;
			files = (
				D44991443EF71FB9075AD326 /* Pods_DemoUITests.framework in Frameworks */,
			);
			runOnlyForDeploymentPostprocessing = 0;
		};
/* End PBXFrameworksBuildPhase section */

/* Begin PBXGroup section */
		184FB5D5237E38FD00410DF2 /* NewsTools */ = {
			isa = PBXGroup;
			children = (
				184FB5D6237E390900410DF2 /* Images */,
			);
			path = NewsTools;
			sourceTree = "<group>";
		};
		184FB5D6237E390900410DF2 /* Images */ = {
			isa = PBXGroup;
			children = (
				184FB5D8237E3A9000410DF2 /* news_1@3x.png */,
				184FB5D9237E3A9000410DF2 /* news_2@3x.png */,
				184FB5DA237E3A9000410DF2 /* news_3@3x.png */,
				184FB5D7237E3A8F00410DF2 /* news_4@3x.png */,
			);
			path = Images;
			sourceTree = "<group>";
		};
		184FB5E1237E3BD100410DF2 /* Child */ = {
			isa = PBXGroup;
			children = (
				184FB5F3237E3F2C00410DF2 /* NewsHighlights.swift */,
				184FB5F5237E3F3600410DF2 /* NewsVideos.swift */,
				184FB5F7237E3F4500410DF2 /* NewsRecommendations.swift */,
				184FB5F9237E3F4F00410DF2 /* NewsBeijing.swift */,
				184FB5FB237E3F6D00410DF2 /* NewsEntertainment.swift */,
				184FB5FD237E3F8000410DF2 /* NewsEra.swift */,
				184FB5FF237E3F8F00410DF2 /* NewsSports.swift */,
				184FB601237E3FA200410DF2 /* NewsMilitary.swift */,
				184FB603237E3FAF00410DF2 /* NewsNBA.swift */,
				184FB605237E3FB800410DF2 /* NewsGames.swift */,
			);
			path = Child;
			sourceTree = "<group>";
		};
		184FB5E6237E3C8200410DF2 /* Child */ = {
			isa = PBXGroup;
			children = (
				184FB5E7237E3CB600410DF2 /* NewMineMessage.swift */,
				184FB5E9237E3CC300410DF2 /* NewMineHistory.swift */,
				184FB5EB237E3CD100410DF2 /* NewMineCollection.swift */,
				184FB5ED237E3CE100410DF2 /* NewMinePush.swift */,
				184FB5EF237E3CF300410DF2 /* NewMineRedEnvelope.swift */,
			);
			path = Child;
			sourceTree = "<group>";
		};
		184FB5F1237E3EB400410DF2 /* Child */ = {
			isa = PBXGroup;
			children = (
				184FB607237E40AF00410DF2 /* NewsVideoRecom.swift */,
				184FB609237E40C300410DF2 /* NewsVideoSmall.swift */,
				184FB60B237E40CB00410DF2 /* NewsVideoLive.swift */,
				184FB60D237E40D600410DF2 /* NewsVideoSupernova.swift */,
				184FB60F237E40E000410DF2 /* NewsVideoSelection.swift */,
				184FB611237E40E700410DF2 /* NewsVideoGame.swift */,
				184FB613237E40F300410DF2 /* NewsVideoMilitary.swift */,
			);
			path = Child;
			sourceTree = "<group>";
		};
		184FB5F2237E3EB900410DF2 /* Child */ = {
			isa = PBXGroup;
			children = (
				184FB615237E419D00410DF2 /* NewsHotRecom.swift */,
				184FB617237E41AD00410DF2 /* NewsHotList.swift */,
				184FB619237E41B800410DF2 /* NewsHotTopic.swift */,
				184FB61B237E41D300410DF2 /* NewsHotStar.swift */,
			);
			path = Child;
			sourceTree = "<group>";
		};
		184FB64F237E568900410DF2 /* MusicTools */ = {
			isa = PBXGroup;
			children = (
				184FB650237E569500410DF2 /* Images */,
			);
			path = MusicTools;
			sourceTree = "<group>";
		};
		184FB650237E569500410DF2 /* Images */ = {
			isa = PBXGroup;
			children = (
				187958BF239DEC6F00214D1A /* m_3@3x.png */,
				187958BD239DEB4B00214D1A /* m_2@3x.png */,
				187958BB239DE99F00214D1A /* m_1@3x.png */,
				184FB652237E576400410DF2 /* music_1@3x.png */,
				184FB653237E576400410DF2 /* music_2@3x.png */,
				184FB654237E576400410DF2 /* music_3@3x.png */,
				184FB651237E576300410DF2 /* music_4@3x.png */,
			);
			path = Images;
			sourceTree = "<group>";
		};
		184FB65D237E733B00410DF2 /* Child */ = {
			isa = PBXGroup;
			children = (
				184FB665237E73E600410DF2 /* MusicLike.swift */,
				184FB667237E73F600410DF2 /* MusicRecent.swift */,
				184FB669237E740A00410DF2 /* MusicLocal.swift */,
				184FB66B237E741B00410DF2 /* MusicPurchased.swift */,
			);
			path = Child;
			sourceTree = "<group>";
		};
		184FB660237E735400410DF2 /* Child */ = {
			isa = PBXGroup;
			children = (
				184FB661237E737C00410DF2 /* MusicSelection.swift */,
				184FB663237E738700410DF2 /* MusicAttention.swift */,
			);
			path = Child;
			sourceTree = "<group>";
		};
		1884C71A237BB52C00A05B9A /* Adapter */ = {
			isa = PBXGroup;
			children = (
				1884C71B237BB55A00A05B9A /* Adapter.swift */,
			);
			name = Adapter;
			sourceTree = "<group>";
		};
		1884C71F237BB69D00A05B9A /* 音乐 */ = {
			isa = PBXGroup;
			children = (
				1884C742237BD0DA00A05B9A /* MusicInstructions.swift */,
				45B04B62237F9D03002B650B /* Cells */,
				184FB64F237E568900410DF2 /* MusicTools */,
				18C6D9CB237C0AE900BCF77E /* MusicHome */,
				18C6D9CA237C0AE700BCF77E /* MusicRecommend */,
				18C6D9C9237C0AE500BCF77E /* MusicDynamic */,
				18C6D9C8237C0AE100BCF77E /* MusicMine */,
			);
			path = "音乐";
			sourceTree = "<group>";
		};
		1884C720237BB69F00A05B9A /* 新闻 */ = {
			isa = PBXGroup;
			children = (
				1884C740237BD0D100A05B9A /* NewsInstructions.swift */,
				45B04B74237FD669002B650B /* Cells */,
				184FB5D5237E38FD00410DF2 /* NewsTools */,
				18C6D9BF237C0A6E00BCF77E /* NewsHome */,
				18C6D9BE237C0A6A00BCF77E /* NewsVideo */,
				18C6D9BD237C0A6800BCF77E /* NewsHot */,
				18C6D9BC237C0A6500BCF77E /* NewMine */,
			);
			path = "新闻";
			sourceTree = "<group>";
		};
		1884C74A237BDEBB00A05B9A /* NavCells */ = {
			isa = PBXGroup;
			children = (
				1884C74B237BDEFE00A05B9A /* NavTitleCell.swift */,
				18C6D9E0237CE94C00BCF77E /* NavBackCell.swift */,
				455E0EB1239FD6D700ED512C /* Nav100Cell */,
			);
			path = NavCells;
			sourceTree = "<group>";
		};
		18911BAF22CB4281007618B0 = {
			isa = PBXGroup;
			children = (
				18911BBA22CB4281007618B0 /* Demo */,
				18911BCF22CB42A5007618B0 /* DemoTests */,
				18911BDA22CB42A5007618B0 /* DemoUITests */,
				18911BB922CB4281007618B0 /* Products */,
				7C9D56787A5247565F51885D /* Pods */,
				541B328BABE8FA40933D1E55 /* Frameworks */,
			);
			sourceTree = "<group>";
		};
		18911BB922CB4281007618B0 /* Products */ = {
			isa = PBXGroup;
			children = (
				18911BB822CB4281007618B0 /* Demo.app */,
				18911BCC22CB42A5007618B0 /* DemoTests.xctest */,
				18911BD722CB42A5007618B0 /* DemoUITests.xctest */,
			);
			name = Products;
			sourceTree = "<group>";
		};
		18911BBA22CB4281007618B0 /* Demo */ = {
			isa = PBXGroup;
			children = (
				18911BBB22CB4281007618B0 /* AppDelegate.swift */,
				18911BBD22CB4281007618B0 /* ViewController.swift */,
				18911BED22CB450C007618B0 /* Resources */,
				18C5FE7A22CF4414003C7EEA /* Configuration */,
				18911BEE22CB450F007618B0 /* Url */,
				18911BEC22CB4509007618B0 /* Models */,
				18911BEB22CB4505007618B0 /* Views */,
				18911BEA22CB4502007618B0 /* ViewControllers */,
				18911BBF22CB4281007618B0 /* Main.storyboard */,
				18911BC422CB42A5007618B0 /* LaunchScreen.storyboard */,
				457E365423097C3700D14847 /* Assets.xcassets */,
				18911BC722CB42A5007618B0 /* Info.plist */,
			);
			path = Demo;
			sourceTree = "<group>";
		};
		18911BCF22CB42A5007618B0 /* DemoTests */ = {
			isa = PBXGroup;
			children = (
				18911BD022CB42A5007618B0 /* DemoTests.swift */,
				18911BD222CB42A5007618B0 /* Info.plist */,
			);
			path = DemoTests;
			sourceTree = "<group>";
		};
		18911BDA22CB42A5007618B0 /* DemoUITests */ = {
			isa = PBXGroup;
			children = (
				18911BDB22CB42A5007618B0 /* DemoUITests.swift */,
				18911BDD22CB42A5007618B0 /* Info.plist */,
			);
			path = DemoUITests;
			sourceTree = "<group>";
		};
		18911BEA22CB4502007618B0 /* ViewControllers */ = {
			isa = PBXGroup;
			children = (
				455E0EAC239FD3AE00ED512C /* Containers */,
				1884C71A237BB52C00A05B9A /* Adapter */,
				457E3656230ECAE700D14847 /* Alert */,
			);
			name = ViewControllers;
			sourceTree = "<group>";
		};
		18911BEB22CB4505007618B0 /* Views */ = {
			isa = PBXGroup;
			children = (
				455E0E78239CE31800ED512C /* Details */,
				1884C74A237BDEBB00A05B9A /* NavCells */,
				455E0EAD239FD40D00ED512C /* ContentCells */,
				45985A7B22ED519E00FB19F4 /* TabCell */,
				455E0EAE239FD4A500ED512C /* Test */,
			);
			path = Views;
			sourceTree = "<group>";
		};
		18911BEC22CB4509007618B0 /* Models */ = {
			isa = PBXGroup;
			children = (
				455E0EB0239FD67700ED512C /* Tabs */,
				18B66B3F2385118A00A3126F /* login */,
				1884C720237BB69F00A05B9A /* 新闻 */,
				1884C71F237BB69D00A05B9A /* 音乐 */,
				455E0EAF239FD5F500ED512C /* Test */,
			);
			path = Models;
			sourceTree = "<group>";
		};
		18911BED22CB450C007618B0 /* Resources */ = {
			isa = PBXGroup;
			children = (
				45985A7722ED4A2400FB19F4 /* Cells.swift */,
				458F053822D6163300271BB4 /* POST.swift */,
				18911C0622CB51DC007618B0 /* BaseNavigationController.swift */,
				18911C0822CB51F6007618B0 /* BaseTabBarController.swift */,
			);
			path = Resources;
			sourceTree = "<group>";
		};
		18911BEE22CB450F007618B0 /* Url */ = {
			isa = PBXGroup;
			children = (
				18911BEF22CB465A007618B0 /* Url.swift */,
				458F059322D7672300271BB4 /* https */,
			);
			path = Url;
			sourceTree = "<group>";
		};
		18A3E40722FBBFA80010E560 /* SetupCells */ = {
			isa = PBXGroup;
			children = (
				18A3E40822FBBFBC0010E560 /* SetupCell.swift */,
				184FB689237EA04E00410DF2 /* TodoCell.swift */,
			);
			path = SetupCells;
			sourceTree = "<group>";
		};
		18B66B3F2385118A00A3126F /* login */ = {
			isa = PBXGroup;
			children = (
				18B66B462385119100A3126F /* cells */,
				18B66B402385118A00A3126F /* Forget.swift */,
				18B66B412385118A00A3126F /* Login.swift */,
				18B66B422385118A00A3126F /* Registered.swift */,
			);
			path = login;
			sourceTree = "<group>";
		};
		18B66B462385119100A3126F /* cells */ = {
			isa = PBXGroup;
			children = (
				18B66B47238511AD00A3126F /* LoginButtonCell.swift */,
				18B66B4B238511AD00A3126F /* LoginForgetButtonCell.swift */,
				18B66B4D238511AE00A3126F /* LoginHeaderCell.swift */,
				18B66B4C238511AD00A3126F /* LoginOtherCell.swift */,
				18B66B49238511AD00A3126F /* LoginPasswordCell.swift */,
				18B66B4A238511AD00A3126F /* LoginUsernameCell.swift */,
				18B66B48238511AD00A3126F /* LoginVCodeCell.swift */,
				18B66B55238514D300A3126F /* LoginOutCell.swift */,
			);
			path = cells;
			sourceTree = "<group>";
		};
		18C5FE7A22CF4414003C7EEA /* Configuration */ = {
			isa = PBXGroup;
			children = (
				18C5FE7B22CF4483003C7EEA /* Configuration.swift */,
			);
			path = Configuration;
			sourceTree = "<group>";
		};
		18C6D9BC237C0A6500BCF77E /* NewMine */ = {
			isa = PBXGroup;
			children = (
				18C6D9C6237C0AA600BCF77E /* NewMine.swift */,
				184FB5E6237E3C8200410DF2 /* Child */,
			);
			path = NewMine;
			sourceTree = "<group>";
		};
		18C6D9BD237C0A6800BCF77E /* NewsHot */ = {
			isa = PBXGroup;
			children = (
				18C6D9C4237C0A9A00BCF77E /* NewsHot.swift */,
				184FB5E4237E3C7000410DF2 /* NewsHotDetails.swift */,
				184FB5F2237E3EB900410DF2 /* Child */,
			);
			path = NewsHot;
			sourceTree = "<group>";
		};
		18C6D9BE237C0A6A00BCF77E /* NewsVideo */ = {
			isa = PBXGroup;
			children = (
				18C6D9C2237C0A9300BCF77E /* NewsVideo.swift */,
				184FB5E2237E3C6600410DF2 /* NewsVideoDetails.swift */,
				184FB5F1237E3EB400410DF2 /* Child */,
			);
			path = NewsVideo;
			sourceTree = "<group>";
		};
		18C6D9BF237C0A6E00BCF77E /* NewsHome */ = {
			isa = PBXGroup;
			children = (
				18C6D9C0237C0A8B00BCF77E /* NewsHome.swift */,
				184FB5DF237E3BCB00410DF2 /* NewsHomeDetails.swift */,
				184FB5E1237E3BD100410DF2 /* Child */,
			);
			path = NewsHome;
			sourceTree = "<group>";
		};
		18C6D9C8237C0AE100BCF77E /* MusicMine */ = {
			isa = PBXGroup;
			children = (
				18C6D9D2237C0B5300BCF77E /* MusicMine.swift */,
				184FB65D237E733B00410DF2 /* Child */,
			);
			path = MusicMine;
			sourceTree = "<group>";
		};
		18C6D9C9237C0AE500BCF77E /* MusicDynamic */ = {
			isa = PBXGroup;
			children = (
				18C6D9D0237C0B4B00BCF77E /* MusicDynamic.swift */,
				184FB65E237E734B00410DF2 /* MusicDynamicDetails.swift */,
				184FB660237E735400410DF2 /* Child */,
			);
			path = MusicDynamic;
			sourceTree = "<group>";
		};
		18C6D9CA237C0AE700BCF77E /* MusicRecommend */ = {
			isa = PBXGroup;
			children = (
				18C6D9CE237C0B4400BCF77E /* MusicRecommend.swift */,
				184FB65B237E72E500410DF2 /* MusicRecommendDetails.swift */,
			);
			path = MusicRecommend;
			sourceTree = "<group>";
		};
		18C6D9CB237C0AE900BCF77E /* MusicHome */ = {
			isa = PBXGroup;
			children = (
				18C6D9CC237C0B3E00BCF77E /* MusicHome.swift */,
				184FB659237E72D300410DF2 /* MusicHomeDetails.swift */,
			);
			path = MusicHome;
			sourceTree = "<group>";
		};
		455E0E78239CE31800ED512C /* Details */ = {
			isa = PBXGroup;
			children = (
				455E0E79239CE33100ED512C /* Details101.swift */,
				455E0E7B239CE34100ED512C /* Details102.swift */,
				455E0E7D239CE34B00ED512C /* Details103.swift */,
				455E0E7F239CE35500ED512C /* Details104.swift */,
				455E0E81239CE35D00ED512C /* Details105.swift */,
			);
			path = Details;
			sourceTree = "<group>";
		};
		455E0E83239CE9DB00ED512C /* MusicHomeCell */ = {
			isa = PBXGroup;
			children = (
				45B04B6C237F9D60002B650B /* MusicHomeCell.swift */,
				187958C1239DEDB800214D1A /* Music101Cell.swift */,
				187958C3239DEDCC00214D1A /* Music101SubCell.swift */,
				187958C5239DEDD500214D1A /* Music102Cell.swift */,
				187958CD239DEE6800214D1A /* Music102SubCell.swift */,
				187958C9239DEDEC00214D1A /* Music103Cell.swift */,
				187958CF239DEE7700214D1A /* Music104Cell.swift */,
				187958D1239DEE8200214D1A /* Music105Cell.swift */,
			);
			path = MusicHomeCell;
			sourceTree = "<group>";
		};
		455E0E84239CE9E100ED512C /* MusicRecommendCell */ = {
			isa = PBXGroup;
			children = (
				45B04B6E237F9D6F002B650B /* MusicRecommendCell.swift */,
				187958D3239DF65900214D1A /* MusicHeaderCell.swift */,
			);
			path = MusicRecommendCell;
			sourceTree = "<group>";
		};
		455E0E85239CE9EA00ED512C /* MusicDynamicCell */ = {
			isa = PBXGroup;
			children = (
				45B04B70237F9D79002B650B /* MusicDynamicCell.swift */,
				187958D5239DF8BC00214D1A /* Music301Cell.swift */,
				187958D7239DF8C900214D1A /* Music301SubCell.swift */,
			);
			path = MusicDynamicCell;
			sourceTree = "<group>";
		};
		455E0E86239CE9F400ED512C /* MusicMineCell */ = {
			isa = PBXGroup;
			children = (
				45B04B72237F9D87002B650B /* MusicMineCell.swift */,
				187958D9239DFC9E00214D1A /* Music401Cell.swift */,
				187958DB239DFCAC00214D1A /* Music401SubCell.swift */,
				187958DD239DFCBA00214D1A /* Music402Cell.swift */,
			);
			path = MusicMineCell;
			sourceTree = "<group>";
		};
		455E0E87239CEC2900ED512C /* NewsHomeCell */ = {
			isa = PBXGroup;
			children = (
				45B04B7E237FD6C6002B650B /* NewsHomeCell.swift */,
			);
			path = NewsHomeCell;
			sourceTree = "<group>";
		};
		455E0E88239CEC3A00ED512C /* NewsVideoCell */ = {
			isa = PBXGroup;
			children = (
				45B04B80237FD6DA002B650B /* NewsVideoCell.swift */,
			);
			path = NewsVideoCell;
			sourceTree = "<group>";
		};
		455E0E89239CEC4500ED512C /* NewsHotCell */ = {
			isa = PBXGroup;
			children = (
				45B04B82237FD6E5002B650B /* NewsHotCell.swift */,
			);
			path = NewsHotCell;
			sourceTree = "<group>";
		};
		455E0E8A239CEC4F00ED512C /* NewMineCell */ = {
			isa = PBXGroup;
			children = (
				45B04B84237FD6F4002B650B /* NewMineCell.swift */,
			);
			path = NewMineCell;
			sourceTree = "<group>";
		};
		455E0EAC239FD3AE00ED512C /* Containers */ = {
			isa = PBXGroup;
			children = (
				45985A7122ED49C700FB19F4 /* CollectionViewController.swift */,
				18A3E40522FBBF450010E560 /* TableViewController.swift */,
				45985A7522ED49ED00FB19F4 /* CollectionView.swift */,
				1884C748237BDDCE00A05B9A /* TableView.swift */,
				45985A7922ED50BF00FB19F4 /* TabViewController.swift */,
				45B04B57237DB2F9002B650B /* TabView.swift */,
			);
			name = Containers;
			sourceTree = "<group>";
		};
		455E0EAD239FD40D00ED512C /* ContentCells */ = {
			isa = PBXGroup;
			children = (
				18A3E40722FBBFA80010E560 /* SetupCells */,
			);
			path = ContentCells;
			sourceTree = "<group>";
		};
		455E0EAE239FD4A500ED512C /* Test */ = {
			isa = PBXGroup;
			children = (
				18B66B392384F08E00A3126F /* HeaderCell.swift */,
			);
			path = Test;
			sourceTree = "<group>";
		};
		455E0EAF239FD5F500ED512C /* Test */ = {
			isa = PBXGroup;
			children = (
				18911C0022CB4DC6007618B0 /* Home.swift */,
				45985A8022ED885E00FB19F4 /* Menu.swift */,
			);
			path = Test;
			sourceTree = "<group>";
		};
		455E0EB0239FD67700ED512C /* Tabs */ = {
			isa = PBXGroup;
			children = (
				455E0EB4239FD7A500ED512C /* TabInstructions.swift */,
				455E0EB7239FD7FC00ED512C /* Tab101.swift */,
				455E0EBB239FD84500ED512C /* Tab102.swift */,
				455E0EBD239FD84D00ED512C /* Tab103.swift */,
			);
			path = Tabs;
			sourceTree = "<group>";
		};
		455E0EB1239FD6D700ED512C /* Nav100Cell */ = {
			isa = PBXGroup;
			children = (
				455E0EB2239FD70600ED512C /* Nav101Cell.swift */,
			);
			path = Nav100Cell;
			sourceTree = "<group>";
		};
		457E3656230ECAE700D14847 /* Alert */ = {
			isa = PBXGroup;
			children = (
				457E3657230ECBE300D14847 /* Alert.swift */,
				1884C718237BB45600A05B9A /* AlertView.swift */,
			);
			name = Alert;
			sourceTree = "<group>";
		};
		458F059322D7672300271BB4 /* https */ = {
			isa = PBXGroup;
			children = (
				18A3E3EE22F8112F0010E560 /* DefaultHttp.swift */,
			);
			path = https;
			sourceTree = "<group>";
		};
		45985A7B22ED519E00FB19F4 /* TabCell */ = {
			isa = PBXGroup;
			children = (
				45985A7C22ED51C200FB19F4 /* TabHeaderCell.swift */,
				45985A7E22ED51D200FB19F4 /* TabContentCell.swift */,
			);
			path = TabCell;
			sourceTree = "<group>";
		};
		45B04B62237F9D03002B650B /* Cells */ = {
			isa = PBXGroup;
			children = (
				45B04B63237F9D0B002B650B /* NavigationCells */,
				455E0E83239CE9DB00ED512C /* MusicHomeCell */,
				455E0E84239CE9E100ED512C /* MusicRecommendCell */,
				455E0E85239CE9EA00ED512C /* MusicDynamicCell */,
				455E0E86239CE9F400ED512C /* MusicMineCell */,
			);
			path = Cells;
			sourceTree = "<group>";
		};
		45B04B63237F9D0B002B650B /* NavigationCells */ = {
			isa = PBXGroup;
			children = (
				45B04B64237F9D27002B650B /* MusicHomeNavCell.swift */,
				45B04B66237F9D39002B650B /* MusicRecommendNavCell.swift */,
				45B04B68237F9D45002B650B /* MusicDynamicNavCell.swift */,
				45B04B6A237F9D50002B650B /* MusicMineNavCell.swift */,
			);
			path = NavigationCells;
			sourceTree = "<group>";
		};
		45B04B74237FD669002B650B /* Cells */ = {
			isa = PBXGroup;
			children = (
				45B04B75237FD671002B650B /* NavigationCells */,
				455E0E87239CEC2900ED512C /* NewsHomeCell */,
				455E0E88239CEC3A00ED512C /* NewsVideoCell */,
				455E0E89239CEC4500ED512C /* NewsHotCell */,
				455E0E8A239CEC4F00ED512C /* NewMineCell */,
			);
			path = Cells;
			sourceTree = "<group>";
		};
		45B04B75237FD671002B650B /* NavigationCells */ = {
			isa = PBXGroup;
			children = (
				45B04B76237FD68A002B650B /* NewsHomeNavCell.swift */,
				45B04B78237FD698002B650B /* NewsVideoNavCell.swift */,
				45B04B7A237FD6A6002B650B /* NewsHotNavCell.swift */,
				45B04B7C237FD6B3002B650B /* NewMineNavCell.swift */,
			);
			path = NavigationCells;
			sourceTree = "<group>";
		};
		541B328BABE8FA40933D1E55 /* Frameworks */ = {
			isa = PBXGroup;
			children = (
				42FFFBDD17AFD3F17E4B29D5 /* Pods_Demo.framework */,
				7821C1C7F7555F4E07756901 /* Pods_DemoTests.framework */,
				CFB92A2976401FA38EB89D96 /* Pods_DemoUITests.framework */,
			);
			name = Frameworks;
			sourceTree = "<group>";
		};
		7C9D56787A5247565F51885D /* Pods */ = {
			isa = PBXGroup;
			children = (
				A51D0805D8D68588106065A5 /* Pods-Demo.debug.xcconfig */,
				5A111DE660BB3C699F05D563 /* Pods-Demo.release.xcconfig */,
				A3D71031928BA58940D096C6 /* Pods-DemoTests.debug.xcconfig */,
				42A35589383EFA4495DF6002 /* Pods-DemoTests.release.xcconfig */,
				CBAF9E6E541537DCCE252C69 /* Pods-DemoUITests.debug.xcconfig */,
				6B3527A4D3CA321520E453EF /* Pods-DemoUITests.release.xcconfig */,
			);
			path = Pods;
			sourceTree = "<group>";
		};
/* End PBXGroup section */

/* Begin PBXNativeTarget section */
		18911BB722CB4281007618B0 /* Demo */ = {
			isa = PBXNativeTarget;
			buildConfigurationList = 18911BE022CB42A5007618B0 /* Build configuration list for PBXNativeTarget "Demo" */;
			buildPhases = (
				227EDF745A72645A13102FEA /* [CP] Check Pods Manifest.lock */,
				18911BB422CB4281007618B0 /* Sources */,
				18911BB522CB4281007618B0 /* Frameworks */,
				18911BB622CB4281007618B0 /* Resources */,
				F2B0482E80879D37ADC5EC01 /* [CP] Embed Pods Frameworks */,
			);
			buildRules = (
			);
			dependencies = (
			);
			name = Demo;
			productName = Demo;
			productReference = 18911BB822CB4281007618B0 /* Demo.app */;
			productType = "com.apple.product-type.application";
		};
		18911BCB22CB42A5007618B0 /* DemoTests */ = {
			isa = PBXNativeTarget;
			buildConfigurationList = 18911BE322CB42A5007618B0 /* Build configuration list for PBXNativeTarget "DemoTests" */;
			buildPhases = (
				8C9D6E1EC06E7F9507767810 /* [CP] Check Pods Manifest.lock */,
				18911BC822CB42A5007618B0 /* Sources */,
				18911BC922CB42A5007618B0 /* Frameworks */,
				18911BCA22CB42A5007618B0 /* Resources */,
			);
			buildRules = (
			);
			dependencies = (
				18911BCE22CB42A5007618B0 /* PBXTargetDependency */,
			);
			name = DemoTests;
			productName = DemoTests;
			productReference = 18911BCC22CB42A5007618B0 /* DemoTests.xctest */;
			productType = "com.apple.product-type.bundle.unit-test";
		};
		18911BD622CB42A5007618B0 /* DemoUITests */ = {
			isa = PBXNativeTarget;
			buildConfigurationList = 18911BE622CB42A5007618B0 /* Build configuration list for PBXNativeTarget "DemoUITests" */;
			buildPhases = (
				56E0A9FC655AE8D0E90A91D1 /* [CP] Check Pods Manifest.lock */,
				18911BD322CB42A5007618B0 /* Sources */,
				18911BD422CB42A5007618B0 /* Frameworks */,
				18911BD522CB42A5007618B0 /* Resources */,
			);
			buildRules = (
			);
			dependencies = (
				18911BD922CB42A5007618B0 /* PBXTargetDependency */,
			);
			name = DemoUITests;
			productName = DemoUITests;
			productReference = 18911BD722CB42A5007618B0 /* DemoUITests.xctest */;
			productType = "com.apple.product-type.bundle.ui-testing";
		};
/* End PBXNativeTarget section */

/* Begin PBXProject section */
		18911BB022CB4281007618B0 /* Project object */ = {
			isa = PBXProject;
			attributes = {
				LastSwiftUpdateCheck = 1010;
				LastUpgradeCheck = 1010;
				ORGANIZATIONNAME = test;
				TargetAttributes = {
					18911BB722CB4281007618B0 = {
						CreatedOnToolsVersion = 10.1;
					};
					18911BCB22CB42A5007618B0 = {
						CreatedOnToolsVersion = 10.1;
						TestTargetID = 18911BB722CB4281007618B0;
					};
					18911BD622CB42A5007618B0 = {
						CreatedOnToolsVersion = 10.1;
						TestTargetID = 18911BB722CB4281007618B0;
					};
				};
			};
			buildConfigurationList = 18911BB322CB4281007618B0 /* Build configuration list for PBXProject "Demo" */;
			compatibilityVersion = "Xcode 9.3";
			developmentRegion = en;
			hasScannedForEncodings = 0;
			knownRegions = (
				en,
				Base,
			);
			mainGroup = 18911BAF22CB4281007618B0;
			productRefGroup = 18911BB922CB4281007618B0 /* Products */;
			projectDirPath = "";
			projectRoot = "";
			targets = (
				18911BB722CB4281007618B0 /* Demo */,
				18911BCB22CB42A5007618B0 /* DemoTests */,
				18911BD622CB42A5007618B0 /* DemoUITests */,
			);
		};
/* End PBXProject section */

/* Begin PBXResourcesBuildPhase section */
		18911BB622CB4281007618B0 /* Resources */ = {
			isa = PBXResourcesBuildPhase;
			buildActionMask = 2147483647;
			files = (
				184FB5DD237E3A9000410DF2 /* news_2@3x.png in Resources */,
				184FB5DC237E3A9000410DF2 /* news_1@3x.png in Resources */,
				184FB655237E576400410DF2 /* music_4@3x.png in Resources */,
				184FB658237E576400410DF2 /* music_3@3x.png in Resources */,
				18911BC622CB42A5007618B0 /* LaunchScreen.storyboard in Resources */,
				184FB657237E576400410DF2 /* music_2@3x.png in Resources */,
				187958BE239DEB4B00214D1A /* m_2@3x.png in Resources */,
				184FB5DB237E3A9000410DF2 /* news_4@3x.png in Resources */,
				187958BC239DE99F00214D1A /* m_1@3x.png in Resources */,
				457E365523097C3700D14847 /* Assets.xcassets in Resources */,
				184FB5DE237E3A9000410DF2 /* news_3@3x.png in Resources */,
				187958C0239DEC6F00214D1A /* m_3@3x.png in Resources */,
				18911BC122CB4281007618B0 /* Main.storyboard in Resources */,
				184FB656237E576400410DF2 /* music_1@3x.png in Resources */,
			);
			runOnlyForDeploymentPostprocessing = 0;
		};
		18911BCA22CB42A5007618B0 /* Resources */ = {
			isa = PBXResourcesBuildPhase;
			buildActionMask = 2147483647;
			files = (
			);
			runOnlyForDeploymentPostprocessing = 0;
		};
		18911BD522CB42A5007618B0 /* Resources */ = {
			isa = PBXResourcesBuildPhase;
			buildActionMask = 2147483647;
			files = (
			);
			runOnlyForDeploymentPostprocessing = 0;
		};
/* End PBXResourcesBuildPhase section */

/* Begin PBXShellScriptBuildPhase section */
		227EDF745A72645A13102FEA /* [CP] Check Pods Manifest.lock */ = {
			isa = PBXShellScriptBuildPhase;
			buildActionMask = 2147483647;
			files = (
			);
			inputFileListPaths = (
			);
			inputPaths = (
				"${PODS_PODFILE_DIR_PATH}/Podfile.lock",
				"${PODS_ROOT}/Manifest.lock",
			);
			name = "[CP] Check Pods Manifest.lock";
			outputFileListPaths = (
			);
			outputPaths = (
				"$(DERIVED_FILE_DIR)/Pods-Demo-checkManifestLockResult.txt",
			);
			runOnlyForDeploymentPostprocessing = 0;
			shellPath = /bin/sh;
			shellScript = "diff \"${PODS_PODFILE_DIR_PATH}/Podfile.lock\" \"${PODS_ROOT}/Manifest.lock\" > /dev/null\nif [ $? != 0 ] ; then\n    # print error to STDERR\n    echo \"error: The sandbox is not in sync with the Podfile.lock. Run 'pod install' or update your CocoaPods installation.\" >&2\n    exit 1\nfi\n# This output is used by Xcode 'outputs' to avoid re-running this script phase.\necho \"SUCCESS\" > \"${SCRIPT_OUTPUT_FILE_0}\"\n";
			showEnvVarsInLog = 0;
		};
		56E0A9FC655AE8D0E90A91D1 /* [CP] Check Pods Manifest.lock */ = {
			isa = PBXShellScriptBuildPhase;
			buildActionMask = 2147483647;
			files = (
			);
			inputFileListPaths = (
			);
			inputPaths = (
				"${PODS_PODFILE_DIR_PATH}/Podfile.lock",
				"${PODS_ROOT}/Manifest.lock",
			);
			name = "[CP] Check Pods Manifest.lock";
			outputFileListPaths = (
			);
			outputPaths = (
				"$(DERIVED_FILE_DIR)/Pods-DemoUITests-checkManifestLockResult.txt",
			);
			runOnlyForDeploymentPostprocessing = 0;
			shellPath = /bin/sh;
			shellScript = "diff \"${PODS_PODFILE_DIR_PATH}/Podfile.lock\" \"${PODS_ROOT}/Manifest.lock\" > /dev/null\nif [ $? != 0 ] ; then\n    # print error to STDERR\n    echo \"error: The sandbox is not in sync with the Podfile.lock. Run 'pod install' or update your CocoaPods installation.\" >&2\n    exit 1\nfi\n# This output is used by Xcode 'outputs' to avoid re-running this script phase.\necho \"SUCCESS\" > \"${SCRIPT_OUTPUT_FILE_0}\"\n";
			showEnvVarsInLog = 0;
		};
		8C9D6E1EC06E7F9507767810 /* [CP] Check Pods Manifest.lock */ = {
			isa = PBXShellScriptBuildPhase;
			buildActionMask = 2147483647;
			files = (
			);
			inputFileListPaths = (
			);
			inputPaths = (
				"${PODS_PODFILE_DIR_PATH}/Podfile.lock",
				"${PODS_ROOT}/Manifest.lock",
			);
			name = "[CP] Check Pods Manifest.lock";
			outputFileListPaths = (
			);
			outputPaths = (
				"$(DERIVED_FILE_DIR)/Pods-DemoTests-checkManifestLockResult.txt",
			);
			runOnlyForDeploymentPostprocessing = 0;
			shellPath = /bin/sh;
			shellScript = "diff \"${PODS_PODFILE_DIR_PATH}/Podfile.lock\" \"${PODS_ROOT}/Manifest.lock\" > /dev/null\nif [ $? != 0 ] ; then\n    # print error to STDERR\n    echo \"error: The sandbox is not in sync with the Podfile.lock. Run 'pod install' or update your CocoaPods installation.\" >&2\n    exit 1\nfi\n# This output is used by Xcode 'outputs' to avoid re-running this script phase.\necho \"SUCCESS\" > \"${SCRIPT_OUTPUT_FILE_0}\"\n";
			showEnvVarsInLog = 0;
		};
		F2B0482E80879D37ADC5EC01 /* [CP] Embed Pods Frameworks */ = {
			isa = PBXShellScriptBuildPhase;
			buildActionMask = 2147483647;
			files = (
			);
			inputFileListPaths = (
			);
			inputPaths = (
				"${PODS_ROOT}/Target Support Files/Pods-Demo/Pods-Demo-frameworks.sh",
				"${BUILT_PRODUCTS_DIR}/SnapKit/SnapKit.framework",
				"${BUILT_PRODUCTS_DIR}/VueSwift/VueSwift.framework",
			);
			name = "[CP] Embed Pods Frameworks";
			outputFileListPaths = (
			);
			outputPaths = (
				"${TARGET_BUILD_DIR}/${FRAMEWORKS_FOLDER_PATH}/SnapKit.framework",
				"${TARGET_BUILD_DIR}/${FRAMEWORKS_FOLDER_PATH}/VueSwift.framework",
			);
			runOnlyForDeploymentPostprocessing = 0;
			shellPath = /bin/sh;
			shellScript = "\"${PODS_ROOT}/Target Support Files/Pods-Demo/Pods-Demo-frameworks.sh\"\n";
			showEnvVarsInLog = 0;
		};
/* End PBXShellScriptBuildPhase section */

/* Begin PBXSourcesBuildPhase section */
		18911BB422CB4281007618B0 /* Sources */ = {
			isa = PBXSourcesBuildPhase;
			buildActionMask = 2147483647;
			files = (
				184FB61C237E41D300410DF2 /* NewsHotStar.swift in Sources */,
				455E0E82239CE35D00ED512C /* Details105.swift in Sources */,
				45B04B67237F9D39002B650B /* MusicRecommendNavCell.swift in Sources */,
				184FB600237E3F8F00410DF2 /* NewsSports.swift in Sources */,
				455E0EB5239FD7A500ED512C /* TabInstructions.swift in Sources */,
				18C6D9D3237C0B5300BCF77E /* MusicMine.swift in Sources */,
				455E0E7A239CE33100ED512C /* Details101.swift in Sources */,
				184FB60C237E40CB00410DF2 /* NewsVideoLive.swift in Sources */,
				45985A7622ED49ED00FB19F4 /* CollectionView.swift in Sources */,
				18C6D9C1237C0A8B00BCF77E /* NewsHome.swift in Sources */,
				184FB5EE237E3CE100410DF2 /* NewMinePush.swift in Sources */,
				187958DA239DFC9E00214D1A /* Music401Cell.swift in Sources */,
				184FB666237E73E600410DF2 /* MusicLike.swift in Sources */,
				18B66B442385118A00A3126F /* Login.swift in Sources */,
				18B66B432385118A00A3126F /* Forget.swift in Sources */,
				184FB5F6237E3F3600410DF2 /* NewsVideos.swift in Sources */,
				184FB68A237EA04E00410DF2 /* TodoCell.swift in Sources */,
				45B04B85237FD6F4002B650B /* NewMineCell.swift in Sources */,
				184FB66C237E741B00410DF2 /* MusicPurchased.swift in Sources */,
				18B66B4E238511AE00A3126F /* LoginButtonCell.swift in Sources */,
				184FB5FA237E3F4F00410DF2 /* NewsBeijing.swift in Sources */,
				184FB65F237E734B00410DF2 /* MusicDynamicDetails.swift in Sources */,
				184FB662237E737C00410DF2 /* MusicSelection.swift in Sources */,
				184FB618237E41AE00410DF2 /* NewsHotList.swift in Sources */,
				1884C741237BD0D100A05B9A /* NewsInstructions.swift in Sources */,
				45B04B73237F9D87002B650B /* MusicMineCell.swift in Sources */,
				18B66B53238511AE00A3126F /* LoginOtherCell.swift in Sources */,
				187958CE239DEE6800214D1A /* Music102SubCell.swift in Sources */,
				18911BBE22CB4281007618B0 /* ViewController.swift in Sources */,
				45B04B77237FD68A002B650B /* NewsHomeNavCell.swift in Sources */,
				184FB5FC237E3F6D00410DF2 /* NewsEntertainment.swift in Sources */,
				1884C743237BD0DA00A05B9A /* MusicInstructions.swift in Sources */,
				1884C719237BB45600A05B9A /* AlertView.swift in Sources */,
				184FB668237E73F600410DF2 /* MusicRecent.swift in Sources */,
				1884C749237BDDCE00A05B9A /* TableView.swift in Sources */,
				184FB5FE237E3F8000410DF2 /* NewsEra.swift in Sources */,
				18B66B51238511AE00A3126F /* LoginUsernameCell.swift in Sources */,
				184FB606237E3FB800410DF2 /* NewsGames.swift in Sources */,
				18B66B4F238511AE00A3126F /* LoginVCodeCell.swift in Sources */,
				184FB5E0237E3BCB00410DF2 /* NewsHomeDetails.swift in Sources */,
				18911BF022CB465A007618B0 /* Url.swift in Sources */,
				45B04B58237DB2F9002B650B /* TabView.swift in Sources */,
				187958D4239DF65900214D1A /* MusicHeaderCell.swift in Sources */,
				18A3E40622FBBF450010E560 /* TableViewController.swift in Sources */,
				45985A7D22ED51C200FB19F4 /* TabHeaderCell.swift in Sources */,
				45B04B71237F9D79002B650B /* MusicDynamicCell.swift in Sources */,
				184FB616237E419D00410DF2 /* NewsHotRecom.swift in Sources */,
				184FB60E237E40D600410DF2 /* NewsVideoSupernova.swift in Sources */,
				184FB5F4237E3F2C00410DF2 /* NewsHighlights.swift in Sources */,
				18C5FE7C22CF4483003C7EEA /* Configuration.swift in Sources */,
				1884C71C237BB55A00A05B9A /* Adapter.swift in Sources */,
				455E0EBE239FD84D00ED512C /* Tab103.swift in Sources */,
				187958D2239DEE8200214D1A /* Music105Cell.swift in Sources */,
				18911C0122CB4DC6007618B0 /* Home.swift in Sources */,
				45B04B7F237FD6C6002B650B /* NewsHomeCell.swift in Sources */,
				18C6D9C3237C0A9300BCF77E /* NewsVideo.swift in Sources */,
				45B04B7D237FD6B3002B650B /* NewMineNavCell.swift in Sources */,
				45985A7F22ED51D200FB19F4 /* TabContentCell.swift in Sources */,
				455E0E80239CE35500ED512C /* Details104.swift in Sources */,
				187958D6239DF8BC00214D1A /* Music301Cell.swift in Sources */,
				18A3E40922FBBFBC0010E560 /* SetupCell.swift in Sources */,
				184FB5E5237E3C7000410DF2 /* NewsHotDetails.swift in Sources */,
				187958C6239DEDD500214D1A /* Music102Cell.swift in Sources */,
				184FB604237E3FAF00410DF2 /* NewsNBA.swift in Sources */,
				18B66B56238514D300A3126F /* LoginOutCell.swift in Sources */,
				18C6D9C5237C0A9A00BCF77E /* NewsHot.swift in Sources */,
				45985A7222ED49C700FB19F4 /* CollectionViewController.swift in Sources */,
				184FB614237E40F300410DF2 /* NewsVideoMilitary.swift in Sources */,
				184FB5EC237E3CD100410DF2 /* NewMineCollection.swift in Sources */,
				187958C4239DEDCC00214D1A /* Music101SubCell.swift in Sources */,
				187958C2239DEDB800214D1A /* Music101Cell.swift in Sources */,
				187958D8239DF8C900214D1A /* Music301SubCell.swift in Sources */,
				455E0E7C239CE34100ED512C /* Details102.swift in Sources */,
				18911BBC22CB4281007618B0 /* AppDelegate.swift in Sources */,
				184FB5E3237E3C6600410DF2 /* NewsVideoDetails.swift in Sources */,
				187958DC239DFCAC00214D1A /* Music401SubCell.swift in Sources */,
				18A3E3EF22F8112F0010E560 /* DefaultHttp.swift in Sources */,
				184FB5F0237E3CF300410DF2 /* NewMineRedEnvelope.swift in Sources */,
				455E0EBC239FD84500ED512C /* Tab102.swift in Sources */,
				184FB608237E40AF00410DF2 /* NewsVideoRecom.swift in Sources */,
				455E0EB8239FD7FC00ED512C /* Tab101.swift in Sources */,
				45985A7A22ED50BF00FB19F4 /* TabViewController.swift in Sources */,
				187958CA239DEDED00214D1A /* Music103Cell.swift in Sources */,
				18B66B452385118A00A3126F /* Registered.swift in Sources */,
				45B04B65237F9D27002B650B /* MusicHomeNavCell.swift in Sources */,
				18B66B3A2384F08E00A3126F /* HeaderCell.swift in Sources */,
				45985A8122ED885E00FB19F4 /* Menu.swift in Sources */,
				18C6D9CD237C0B3E00BCF77E /* MusicHome.swift in Sources */,
				184FB5F8237E3F4500410DF2 /* NewsRecommendations.swift in Sources */,
				457E3658230ECBE300D14847 /* Alert.swift in Sources */,
				1884C74C237BDEFE00A05B9A /* NavTitleCell.swift in Sources */,
				184FB66A237E740A00410DF2 /* MusicLocal.swift in Sources */,
				18C6D9C7237C0AA600BCF77E /* NewMine.swift in Sources */,
				184FB602237E3FA200410DF2 /* NewsMilitary.swift in Sources */,
				184FB65C237E72E500410DF2 /* MusicRecommendDetails.swift in Sources */,
				187958DE239DFCBA00214D1A /* Music402Cell.swift in Sources */,
				184FB610237E40E000410DF2 /* NewsVideoSelection.swift in Sources */,
				45B04B7B237FD6A6002B650B /* NewsHotNavCell.swift in Sources */,
				18C6D9CF237C0B4400BCF77E /* MusicRecommend.swift in Sources */,
				18911C0722CB51DC007618B0 /* BaseNavigationController.swift in Sources */,
				455E0EB3239FD70600ED512C /* Nav101Cell.swift in Sources */,
				184FB61A237E41B800410DF2 /* NewsHotTopic.swift in Sources */,
				184FB65A237E72D300410DF2 /* MusicHomeDetails.swift in Sources */,
				18B66B54238511AE00A3126F /* LoginHeaderCell.swift in Sources */,
				45B04B6B237F9D50002B650B /* MusicMineNavCell.swift in Sources */,
				18B66B50238511AE00A3126F /* LoginPasswordCell.swift in Sources */,
				184FB664237E738700410DF2 /* MusicAttention.swift in Sources */,
				455E0E7E239CE34B00ED512C /* Details103.swift in Sources */,
				18C6D9E1237CE94C00BCF77E /* NavBackCell.swift in Sources */,
				18C6D9D1237C0B4B00BCF77E /* MusicDynamic.swift in Sources */,
				184FB5EA237E3CC300410DF2 /* NewMineHistory.swift in Sources */,
				45B04B6D237F9D60002B650B /* MusicHomeCell.swift in Sources */,
				184FB5E8237E3CB600410DF2 /* NewMineMessage.swift in Sources */,
				45B04B79237FD698002B650B /* NewsVideoNavCell.swift in Sources */,
				45B04B81237FD6DA002B650B /* NewsVideoCell.swift in Sources */,
				18B66B52238511AE00A3126F /* LoginForgetButtonCell.swift in Sources */,
				184FB612237E40E700410DF2 /* NewsVideoGame.swift in Sources */,
				45B04B69237F9D45002B650B /* MusicDynamicNavCell.swift in Sources */,
				187958D0239DEE7700214D1A /* Music104Cell.swift in Sources */,
				458F053922D6163300271BB4 /* POST.swift in Sources */,
				18911C0922CB51F6007618B0 /* BaseTabBarController.swift in Sources */,
				45B04B83237FD6E5002B650B /* NewsHotCell.swift in Sources */,
				45B04B6F237F9D6F002B650B /* MusicRecommendCell.swift in Sources */,
				184FB60A237E40C300410DF2 /* NewsVideoSmall.swift in Sources */,
				45985A7822ED4A2400FB19F4 /* Cells.swift in Sources */,
			);
			runOnlyForDeploymentPostprocessing = 0;
		};
		18911BC822CB42A5007618B0 /* Sources */ = {
			isa = PBXSourcesBuildPhase;
			buildActionMask = 2147483647;
			files = (
				18911BD122CB42A5007618B0 /* DemoTests.swift in Sources */,
			);
			runOnlyForDeploymentPostprocessing = 0;
		};
		18911BD322CB42A5007618B0 /* Sources */ = {
			isa = PBXSourcesBuildPhase;
			buildActionMask = 2147483647;
			files = (
				18911BDC22CB42A5007618B0 /* DemoUITests.swift in Sources */,
			);
			runOnlyForDeploymentPostprocessing = 0;
		};
/* End PBXSourcesBuildPhase section */

/* Begin PBXTargetDependency section */
		18911BCE22CB42A5007618B0 /* PBXTargetDependency */ = {
			isa = PBXTargetDependency;
			target = 18911BB722CB4281007618B0 /* Demo */;
			targetProxy = 18911BCD22CB42A5007618B0 /* PBXContainerItemProxy */;
		};
		18911BD922CB42A5007618B0 /* PBXTargetDependency */ = {
			isa = PBXTargetDependency;
			target = 18911BB722CB4281007618B0 /* Demo */;
			targetProxy = 18911BD822CB42A5007618B0 /* PBXContainerItemProxy */;
		};
/* End PBXTargetDependency section */

/* Begin PBXVariantGroup section */
		18911BBF22CB4281007618B0 /* Main.storyboard */ = {
			isa = PBXVariantGroup;
			children = (
				18911BC022CB4281007618B0 /* Base */,
			);
			name = Main.storyboard;
			sourceTree = "<group>";
		};
		18911BC422CB42A5007618B0 /* LaunchScreen.storyboard */ = {
			isa = PBXVariantGroup;
			children = (
				18911BC522CB42A5007618B0 /* Base */,
			);
			name = LaunchScreen.storyboard;
			sourceTree = "<group>";
		};
/* End PBXVariantGroup section */

/* Begin XCBuildConfiguration section */
		18911BDE22CB42A5007618B0 /* Debug */ = {
			isa = XCBuildConfiguration;
			buildSettings = {
				ALWAYS_SEARCH_USER_PATHS = NO;
				CLANG_ANALYZER_NONNULL = YES;
				CLANG_ANALYZER_NUMBER_OBJECT_CONVERSION = YES_AGGRESSIVE;
				CLANG_CXX_LANGUAGE_STANDARD = "gnu++14";
				CLANG_CXX_LIBRARY = "libc++";
				CLANG_ENABLE_MODULES = YES;
				CLANG_ENABLE_OBJC_ARC = YES;
				CLANG_ENABLE_OBJC_WEAK = YES;
				CLANG_WARN_BLOCK_CAPTURE_AUTORELEASING = YES;
				CLANG_WARN_BOOL_CONVERSION = YES;
				CLANG_WARN_COMMA = YES;
				CLANG_WARN_CONSTANT_CONVERSION = YES;
				CLANG_WARN_DEPRECATED_OBJC_IMPLEMENTATIONS = YES;
				CLANG_WARN_DIRECT_OBJC_ISA_USAGE = YES_ERROR;
				CLANG_WARN_DOCUMENTATION_COMMENTS = YES;
				CLANG_WARN_EMPTY_BODY = YES;
				CLANG_WARN_ENUM_CONVERSION = YES;
				CLANG_WARN_INFINITE_RECURSION = YES;
				CLANG_WARN_INT_CONVERSION = YES;
				CLANG_WARN_NON_LITERAL_NULL_CONVERSION = YES;
				CLANG_WARN_OBJC_IMPLICIT_RETAIN_SELF = YES;
				CLANG_WARN_OBJC_LITERAL_CONVERSION = YES;
				CLANG_WARN_OBJC_ROOT_CLASS = YES_ERROR;
				CLANG_WARN_RANGE_LOOP_ANALYSIS = YES;
				CLANG_WARN_STRICT_PROTOTYPES = YES;
				CLANG_WARN_SUSPICIOUS_MOVE = YES;
				CLANG_WARN_UNGUARDED_AVAILABILITY = YES_AGGRESSIVE;
				CLANG_WARN_UNREACHABLE_CODE = YES;
				CLANG_WARN__DUPLICATE_METHOD_MATCH = YES;
				CODE_SIGN_IDENTITY = "iPhone Developer";
				COPY_PHASE_STRIP = NO;
				DEBUG_INFORMATION_FORMAT = dwarf;
				ENABLE_STRICT_OBJC_MSGSEND = YES;
				ENABLE_TESTABILITY = YES;
				GCC_C_LANGUAGE_STANDARD = gnu11;
				GCC_DYNAMIC_NO_PIC = NO;
				GCC_NO_COMMON_BLOCKS = YES;
				GCC_OPTIMIZATION_LEVEL = 0;
				GCC_PREPROCESSOR_DEFINITIONS = (
					"DEBUG=1",
					"$(inherited)",
				);
				GCC_WARN_64_TO_32_BIT_CONVERSION = YES;
				GCC_WARN_ABOUT_RETURN_TYPE = YES_ERROR;
				GCC_WARN_UNDECLARED_SELECTOR = YES;
				GCC_WARN_UNINITIALIZED_AUTOS = YES_AGGRESSIVE;
				GCC_WARN_UNUSED_FUNCTION = YES;
				GCC_WARN_UNUSED_VARIABLE = YES;
				IPHONEOS_DEPLOYMENT_TARGET = 12.1;
				MTL_ENABLE_DEBUG_INFO = INCLUDE_SOURCE;
				MTL_FAST_MATH = YES;
				ONLY_ACTIVE_ARCH = YES;
				SDKROOT = iphoneos;
				SWIFT_ACTIVE_COMPILATION_CONDITIONS = DEBUG;
				SWIFT_OPTIMIZATION_LEVEL = "-Onone";
			};
			name = Debug;
		};
		18911BDF22CB42A5007618B0 /* Release */ = {
			isa = XCBuildConfiguration;
			buildSettings = {
				ALWAYS_SEARCH_USER_PATHS = NO;
				CLANG_ANALYZER_NONNULL = YES;
				CLANG_ANALYZER_NUMBER_OBJECT_CONVERSION = YES_AGGRESSIVE;
				CLANG_CXX_LANGUAGE_STANDARD = "gnu++14";
				CLANG_CXX_LIBRARY = "libc++";
				CLANG_ENABLE_MODULES = YES;
				CLANG_ENABLE_OBJC_ARC = YES;
				CLANG_ENABLE_OBJC_WEAK = YES;
				CLANG_WARN_BLOCK_CAPTURE_AUTORELEASING = YES;
				CLANG_WARN_BOOL_CONVERSION = YES;
				CLANG_WARN_COMMA = YES;
				CLANG_WARN_CONSTANT_CONVERSION = YES;
				CLANG_WARN_DEPRECATED_OBJC_IMPLEMENTATIONS = YES;
				CLANG_WARN_DIRECT_OBJC_ISA_USAGE = YES_ERROR;
				CLANG_WARN_DOCUMENTATION_COMMENTS = YES;
				CLANG_WARN_EMPTY_BODY = YES;
				CLANG_WARN_ENUM_CONVERSION = YES;
				CLANG_WARN_INFINITE_RECURSION = YES;
				CLANG_WARN_INT_CONVERSION = YES;
				CLANG_WARN_NON_LITERAL_NULL_CONVERSION = YES;
				CLANG_WARN_OBJC_IMPLICIT_RETAIN_SELF = YES;
				CLANG_WARN_OBJC_LITERAL_CONVERSION = YES;
				CLANG_WARN_OBJC_ROOT_CLASS = YES_ERROR;
				CLANG_WARN_RANGE_LOOP_ANALYSIS = YES;
				CLANG_WARN_STRICT_PROTOTYPES = YES;
				CLANG_WARN_SUSPICIOUS_MOVE = YES;
				CLANG_WARN_UNGUARDED_AVAILABILITY = YES_AGGRESSIVE;
				CLANG_WARN_UNREACHABLE_CODE = YES;
				CLANG_WARN__DUPLICATE_METHOD_MATCH = YES;
				CODE_SIGN_IDENTITY = "iPhone Developer";
				COPY_PHASE_STRIP = NO;
				DEBUG_INFORMATION_FORMAT = "dwarf-with-dsym";
				ENABLE_NS_ASSERTIONS = NO;
				ENABLE_STRICT_OBJC_MSGSEND = YES;
				GCC_C_LANGUAGE_STANDARD = gnu11;
				GCC_NO_COMMON_BLOCKS = YES;
				GCC_WARN_64_TO_32_BIT_CONVERSION = YES;
				GCC_WARN_ABOUT_RETURN_TYPE = YES_ERROR;
				GCC_WARN_UNDECLARED_SELECTOR = YES;
				GCC_WARN_UNINITIALIZED_AUTOS = YES_AGGRESSIVE;
				GCC_WARN_UNUSED_FUNCTION = YES;
				GCC_WARN_UNUSED_VARIABLE = YES;
				IPHONEOS_DEPLOYMENT_TARGET = 12.1;
				MTL_ENABLE_DEBUG_INFO = NO;
				MTL_FAST_MATH = YES;
				SDKROOT = iphoneos;
				SWIFT_COMPILATION_MODE = wholemodule;
				SWIFT_OPTIMIZATION_LEVEL = "-O";
				VALIDATE_PRODUCT = YES;
			};
			name = Release;
		};
		18911BE122CB42A5007618B0 /* Debug */ = {
			isa = XCBuildConfiguration;
			baseConfigurationReference = A51D0805D8D68588106065A5 /* Pods-Demo.debug.xcconfig */;
			buildSettings = {
				ASSETCATALOG_COMPILER_APPICON_NAME = AppIcon;
				ASSETCATALOG_COMPILER_LAUNCHIMAGE_NAME = LaunchImage;
				CODE_SIGN_IDENTITY = "iPhone Developer";
				CODE_SIGN_STYLE = Automatic;
				DEVELOPMENT_TEAM = XN467W38GQ;
				INFOPLIST_FILE = Demo/Info.plist;
				IPHONEOS_DEPLOYMENT_TARGET = 10.0;
				LD_RUNPATH_SEARCH_PATHS = (
					"$(inherited)",
					"@executable_path/Frameworks",
				);
				PRODUCT_BUNDLE_IDENTIFIER = com.wang.MM;
				PRODUCT_NAME = Demo;
				PROVISIONING_PROFILE_SPECIFIER = "";
				SWIFT_VERSION = 4.2;
				TARGETED_DEVICE_FAMILY = 1;
			};
			name = Debug;
		};
		18911BE222CB42A5007618B0 /* Release */ = {
			isa = XCBuildConfiguration;
			baseConfigurationReference = 5A111DE660BB3C699F05D563 /* Pods-Demo.release.xcconfig */;
			buildSettings = {
				ASSETCATALOG_COMPILER_APPICON_NAME = AppIcon;
				ASSETCATALOG_COMPILER_LAUNCHIMAGE_NAME = LaunchImage;
				CODE_SIGN_IDENTITY = "iPhone Developer";
				CODE_SIGN_STYLE = Automatic;
				DEVELOPMENT_TEAM = XN467W38GQ;
				INFOPLIST_FILE = Demo/Info.plist;
				IPHONEOS_DEPLOYMENT_TARGET = 10.0;
				LD_RUNPATH_SEARCH_PATHS = (
					"$(inherited)",
					"@executable_path/Frameworks",
				);
				PRODUCT_BUNDLE_IDENTIFIER = com.wang.MM;
				PRODUCT_NAME = Demo;
				PROVISIONING_PROFILE_SPECIFIER = "";
				SWIFT_VERSION = 4.2;
				TARGETED_DEVICE_FAMILY = 1;
			};
			name = Release;
		};
		18911BE422CB42A5007618B0 /* Debug */ = {
			isa = XCBuildConfiguration;
			baseConfigurationReference = A3D71031928BA58940D096C6 /* Pods-DemoTests.debug.xcconfig */;
			buildSettings = {
				ALWAYS_EMBED_SWIFT_STANDARD_LIBRARIES = YES;
				BUNDLE_LOADER = "$(TEST_HOST)";
				CODE_SIGN_STYLE = Automatic;
				DEVELOPMENT_TEAM = XN467W38GQ;
				INFOPLIST_FILE = DemoTests/Info.plist;
				LD_RUNPATH_SEARCH_PATHS = (
					"$(inherited)",
					"@executable_path/Frameworks",
					"@loader_path/Frameworks",
				);
				PRODUCT_BUNDLE_IDENTIFIER = com.demo.one.DemoTests;
				PRODUCT_NAME = "$(TARGET_NAME)";
				SWIFT_VERSION = 4.2;
				TARGETED_DEVICE_FAMILY = "1,2";
				TEST_HOST = "$(BUILT_PRODUCTS_DIR)/Demo.app/Demo";
			};
			name = Debug;
		};
		18911BE522CB42A5007618B0 /* Release */ = {
			isa = XCBuildConfiguration;
			baseConfigurationReference = 42A35589383EFA4495DF6002 /* Pods-DemoTests.release.xcconfig */;
			buildSettings = {
				ALWAYS_EMBED_SWIFT_STANDARD_LIBRARIES = YES;
				BUNDLE_LOADER = "$(TEST_HOST)";
				CODE_SIGN_STYLE = Automatic;
				DEVELOPMENT_TEAM = XN467W38GQ;
				INFOPLIST_FILE = DemoTests/Info.plist;
				LD_RUNPATH_SEARCH_PATHS = (
					"$(inherited)",
					"@executable_path/Frameworks",
					"@loader_path/Frameworks",
				);
				PRODUCT_BUNDLE_IDENTIFIER = com.demo.one.DemoTests;
				PRODUCT_NAME = "$(TARGET_NAME)";
				SWIFT_VERSION = 4.2;
				TARGETED_DEVICE_FAMILY = "1,2";
				TEST_HOST = "$(BUILT_PRODUCTS_DIR)/Demo.app/Demo";
			};
			name = Release;
		};
		18911BE722CB42A5007618B0 /* Debug */ = {
			isa = XCBuildConfiguration;
			baseConfigurationReference = CBAF9E6E541537DCCE252C69 /* Pods-DemoUITests.debug.xcconfig */;
			buildSettings = {
				ALWAYS_EMBED_SWIFT_STANDARD_LIBRARIES = YES;
				CODE_SIGN_STYLE = Automatic;
				DEVELOPMENT_TEAM = XN467W38GQ;
				INFOPLIST_FILE = DemoUITests/Info.plist;
				LD_RUNPATH_SEARCH_PATHS = (
					"$(inherited)",
					"@executable_path/Frameworks",
					"@loader_path/Frameworks",
				);
				PRODUCT_BUNDLE_IDENTIFIER = com.demo.one.DemoUITests;
				PRODUCT_NAME = "$(TARGET_NAME)";
				SWIFT_VERSION = 4.2;
				TARGETED_DEVICE_FAMILY = "1,2";
				TEST_TARGET_NAME = Demo;
			};
			name = Debug;
		};
		18911BE822CB42A5007618B0 /* Release */ = {
			isa = XCBuildConfiguration;
			baseConfigurationReference = 6B3527A4D3CA321520E453EF /* Pods-DemoUITests.release.xcconfig */;
			buildSettings = {
				ALWAYS_EMBED_SWIFT_STANDARD_LIBRARIES = YES;
				CODE_SIGN_STYLE = Automatic;
				DEVELOPMENT_TEAM = XN467W38GQ;
				INFOPLIST_FILE = DemoUITests/Info.plist;
				LD_RUNPATH_SEARCH_PATHS = (
					"$(inherited)",
					"@executable_path/Frameworks",
					"@loader_path/Frameworks",
				);
				PRODUCT_BUNDLE_IDENTIFIER = com.demo.one.DemoUITests;
				PRODUCT_NAME = "$(TARGET_NAME)";
				SWIFT_VERSION = 4.2;
				TARGETED_DEVICE_FAMILY = "1,2";
				TEST_TARGET_NAME = Demo;
			};
			name = Release;
		};
/* End XCBuildConfiguration section */

/* Begin XCConfigurationList section */
		18911BB322CB4281007618B0 /* Build configuration list for PBXProject "Demo" */ = {
			isa = XCConfigurationList;
			buildConfigurations = (
				18911BDE22CB42A5007618B0 /* Debug */,
				18911BDF22CB42A5007618B0 /* Release */,
			);
			defaultConfigurationIsVisible = 0;
			defaultConfigurationName = Release;
		};
		18911BE022CB42A5007618B0 /* Build configuration list for PBXNativeTarget "Demo" */ = {
			isa = XCConfigurationList;
			buildConfigurations = (
				18911BE122CB42A5007618B0 /* Debug */,
				18911BE222CB42A5007618B0 /* Release */,
			);
			defaultConfigurationIsVisible = 0;
			defaultConfigurationName = Release;
		};
		18911BE322CB42A5007618B0 /* Build configuration list for PBXNativeTarget "DemoTests" */ = {
			isa = XCConfigurationList;
			buildConfigurations = (
				18911BE422CB42A5007618B0 /* Debug */,
				18911BE522CB42A5007618B0 /* Release */,
			);
			defaultConfigurationIsVisible = 0;
			defaultConfigurationName = Release;
		};
		18911BE622CB42A5007618B0 /* Build configuration list for PBXNativeTarget "DemoUITests" */ = {
			isa = XCConfigurationList;
			buildConfigurations = (
				18911BE722CB42A5007618B0 /* Debug */,
				18911BE822CB42A5007618B0 /* Release */,
			);
			defaultConfigurationIsVisible = 0;
			defaultConfigurationName = Release;
		};
/* End XCConfigurationList section */
	};
	rootObject = 18911BB022CB4281007618B0 /* Project object */;
}
